
Microsoft Visual Studio Solution File, Format Version 11.00
# Visual Studio 2010
Project("{FAE04EC0-301F-11D3-BF4B-00C04F79EFBC}") = "Task02", "Task02\Task02.csproj", "{7E63CB9B-3CB5-42B9-AF27-3E8211F7C869}"
EndProject
Project("{FAE04EC0-301F-11D3-BF4B-00C04F79EFBC}") = "Task03", "Task03\Task03.csproj", "{048E6867-4591-406B-80D6-C9D3C43B796F}"
EndProject
Project("{FAE04EC0-301F-11D3-BF4B-00C04F79EFBC}") = "Task04", "Task04\Task04.csproj", "{7C92BB2D-9C0F-4E70-B72C-7B4730B96A5B}"
EndProject
Project("{FAE04EC0-301F-11D3-BF4B-00C04F79EFBC}") = "Task05", "Task05\Task05.csproj", "{B41EFE74-0D23-4C98-AA8A-64058E41A053}"
EndProject
Project("{FAE04EC0-301F-11D3-BF4B-00C04F79EFBC}") = "Task06", "Task06\Task06.csproj", "{C699CFA9-2DAC-4997-9C3C-73FF6EB90370}"
EndProject
Project("{FAE04EC0-301F-11D3-BF4B-00C04F79EFBC}") = "Task07", "Task07\Task07.csproj", "{581C5D86-887C-49F3-B6C8-B7436A4A75A0}"
EndProject
Project("{FAE04EC0-301F-11D3-BF4B-00C04F79EFBC}") = "Task01.A", "Task01.A\Task01.A.csproj", "{AF0CC478-3BAA-4A66-99C5-B586795D4975}"
EndProject
Project("{FAE04EC0-301F-11D3-BF4B-00C04F79EFBC}") = "Task01.B", "Task01.B\Task01.B.csproj", "{05D31BE6-0E01-4279-9732-922975FEBF52}"
EndProject
Project("{FAE04EC0-301F-11D3-BF4B-00C04F79EFBC}") = "Task01.C", "Task01.C\Task01.C.csproj", "{6237DC52-6EC0-40E0-8685-40DDC6629CF4}"
EndProject
Project("{FAE04EC0-301F-11D3-BF4B-00C04F79EFBC}") = "Task01.D", "Task01.D\Task01.D.csproj", "{C4FF0727-027F-4E7A-A5A8-DAB9508C8172}"
EndProject
Project("{FAE04EC0-301F-11D3-BF4B-00C04F79EFBC}") = "Task01.E", "Task01.E\Task01.E.csproj", "{8184A328-63D4-4557-BCCE-E9C74C22B341}"
EndProject
Global
	GlobalSection(SolutionConfigurationPlatforms) = preSolution
		Debug|x86 = Debug|x86
		Release|x86 = Release|x86
	EndGlobalSection
	GlobalSection(ProjectConfigurationPlatforms) = postSolution
		{7E63CB9B-3CB5-42B9-AF27-3E8211F7C869}.Debug|x86.ActiveCfg = Debug|x86
		{7E63CB9B-3CB5-42B9-AF27-3E8211F7C869}.Debug|x86.Build.0 = Debug|x86
		{7E63CB9B-3CB5-42B9-AF27-3E8211F7C869}.Release|x86.ActiveCfg = Release|x86
		{7E63CB9B-3CB5-42B9-AF27-3E8211F7C869}.Release|x86.Build.0 = Release|x86
		{048E6867-4591-406B-80D6-C9D3C43B796F}.Debug|x86.ActiveCfg = Debug|x86
		{048E6867-4591-406B-80D6-C9D3C43B796F}.Debug|x86.Build.0 = Debug|x86
		{048E6867-4591-406B-80D6-C9D3C43B796F}.Release|x86.ActiveCfg = Release|x86
		{048E6867-4591-406B-80D6-C9D3C43B796F}.Release|x86.Build.0 = Release|x86
		{7C92BB2D-9C0F-4E70-B72C-7B4730B96A5B}.Debug|x86.ActiveCfg = Debug|x86
		{7C92BB2D-9C0F-4E70-B72C-7B4730B96A5B}.Debug|x86.Build.0 = Debug|x86
		{7C92BB2D-9C0F-4E70-B72C-7B4730B96A5B}.Release|x86.ActiveCfg = Release|x86
		{7C92BB2D-9C0F-4E70-B72C-7B4730B96A5B}.Release|x86.Build.0 = Release|x86
		{B41EFE74-0D23-4C98-AA8A-64058E41A053}.Debug|x86.ActiveCfg = Debug|x86
		{B41EFE74-0D23-4C98-AA8A-64058E41A053}.Debug|x86.Build.0 = Debug|x86
		{B41EFE74-0D23-4C98-AA8A-64058E41A053}.Release|x86.ActiveCfg = Release|x86
		{B41EFE74-0D23-4C98-AA8A-64058E41A053}.Release|x86.Build.0 = Release|x86
		{C699CFA9-2DAC-4997-9C3C-73FF6EB90370}.Debug|x86.ActiveCfg = Debug|x86
		{C699CFA9-2DAC-4997-9C3C-73FF6EB90370}.Debug|x86.Build.0 = Debug|x86
		{C699CFA9-2DAC-4997-9C3C-73FF6EB90370}.Release|x86.ActiveCfg = Release|x86
		{C699CFA9-2DAC-4997-9C3C-73FF6EB90370}.Release|x86.Build.0 = Release|x86
		{581C5D86-887C-49F3-B6C8-B7436A4A75A0}.Debug|x86.ActiveCfg = Debug|x86
		{581C5D86-887C-49F3-B6C8-B7436A4A75A0}.Debug|x86.Build.0 = Debug|x86
		{581C5D86-887C-49F3-B6C8-B7436A4A75A0}.Release|x86.ActiveCfg = Release|x86
		{581C5D86-887C-49F3-B6C8-B7436A4A75A0}.Release|x86.Build.0 = Release|x86
		{AF0CC478-3BAA-4A66-99C5-B586795D4975}.Debug|x86.ActiveCfg = Debug|x86
		{AF0CC478-3BAA-4A66-99C5-B586795D4975}.Debug|x86.Build.0 = Debug|x86
		{AF0CC478-3BAA-4A66-99C5-B586795D4975}.Release|x86.ActiveCfg = Release|x86
		{AF0CC478-3BAA-4A66-99C5-B586795D4975}.Release|x86.Build.0 = Release|x86
		{05D31BE6-0E01-4279-9732-922975FEBF52}.Debug|x86.ActiveCfg = Debug|x86
		{05D31BE6-0E01-4279-9732-922975FEBF52}.Debug|x86.Build.0 = Debug|x86
		{05D31BE6-0E01-4279-9732-922975FEBF52}.Release|x86.ActiveCfg = Release|x86
		{05D31BE6-0E01-4279-9732-922975FEBF52}.Release|x86.Build.0 = Release|x86
		{6237DC52-6EC0-40E0-8685-40DDC6629CF4}.Debug|x86.ActiveCfg = Debug|x86
		{6237DC52-6EC0-40E0-8685-40DDC6629CF4}.Debug|x86.Build.0 = Debug|x86
		{6237DC52-6EC0-40E0-8685-40DDC6629CF4}.Release|x86.ActiveCfg = Release|x86
		{6237DC52-6EC0-40E0-8685-40DDC6629CF4}.Release|x86.Build.0 = Release|x86
		{C4FF0727-027F-4E7A-A5A8-DAB9508C8172}.Debug|x86.ActiveCfg = Debug|x86
		{C4FF0727-027F-4E7A-A5A8-DAB9508C8172}.Debug|x86.Build.0 = Debug|x86
		{C4FF0727-027F-4E7A-A5A8-DAB9508C8172}.Release|x86.ActiveCfg = Release|x86
		{C4FF0727-027F-4E7A-A5A8-DAB9508C8172}.Release|x86.Build.0 = Release|x86
		{8184A328-63D4-4557-BCCE-E9C74C22B341}.Debug|x86.ActiveCfg = Debug|x86
		{8184A328-63D4-4557-BCCE-E9C74C22B341}.Debug|x86.Build.0 = Debug|x86
		{8184A328-63D4-4557-BCCE-E9C74C22B341}.Release|x86.ActiveCfg = Release|x86
		{8184A328-63D4-4557-BCCE-E9C74C22B341}.Release|x86.Build.0 = Release|x86
	EndGlobalSection
	GlobalSection(SolutionProperties) = preSolution
		HideSolutionNode = FALSE
	EndGlobalSection
EndGlobal
