
Microsoft Visual Studio Solution File, Format Version 11.00
# Visual Studio 2010
Project("{FAE04EC0-301F-11D3-BF4B-00C04F79EFBC}") = "01. CleanCode", "CleanCode\01. CleanCode.csproj", "{4539621E-2C2B-4100-A2AF-BDAB4C3FF0BE}"
EndProject
Project("{FAE04EC0-301F-11D3-BF4B-00C04F79EFBC}") = "02.A Sudoku", "Sudoku\02.A Sudoku.csproj", "{0D01049D-CBE9-4810-815F-85EAB19272E9}"
EndProject
Project("{FAE04EC0-301F-11D3-BF4B-00C04F79EFBC}") = "03. Employees", "Employees\03. Employees.csproj", "{B021F6AB-171B-461C-B76B-7EBE7C7690A8}"
EndProject
Project("{FAE04EC0-301F-11D3-BF4B-00C04F79EFBC}") = "test", "test\test.csproj", "{E14CAA30-8ADC-4FDE-952B-6992EE8A4D29}"
EndProject
Project("{FAE04EC0-301F-11D3-BF4B-00C04F79EFBC}") = "02.B Sudoku", "B Sudoku\02.B Sudoku.csproj", "{78C438D4-2F65-4179-B7F7-B39875609176}"
EndProject
Project("{FAE04EC0-301F-11D3-BF4B-00C04F79EFBC}") = "04. 3D Wak", "3D Wak\04. 3D Wak.csproj", "{818AA3FD-91FD-4FA2-86C2-0B7280126F21}"
EndProject
Global
	GlobalSection(SolutionConfigurationPlatforms) = preSolution
		Debug|Any CPU = Debug|Any CPU
		Debug|Mixed Platforms = Debug|Mixed Platforms
		Debug|x86 = Debug|x86
		Release|Any CPU = Release|Any CPU
		Release|Mixed Platforms = Release|Mixed Platforms
		Release|x86 = Release|x86
	EndGlobalSection
	GlobalSection(ProjectConfigurationPlatforms) = postSolution
		{4539621E-2C2B-4100-A2AF-BDAB4C3FF0BE}.Debug|Any CPU.ActiveCfg = Debug|x86
		{4539621E-2C2B-4100-A2AF-BDAB4C3FF0BE}.Debug|Mixed Platforms.ActiveCfg = Debug|x86
		{4539621E-2C2B-4100-A2AF-BDAB4C3FF0BE}.Debug|Mixed Platforms.Build.0 = Debug|x86
		{4539621E-2C2B-4100-A2AF-BDAB4C3FF0BE}.Debug|x86.ActiveCfg = Debug|x86
		{4539621E-2C2B-4100-A2AF-BDAB4C3FF0BE}.Debug|x86.Build.0 = Debug|x86
		{4539621E-2C2B-4100-A2AF-BDAB4C3FF0BE}.Release|Any CPU.ActiveCfg = Release|x86
		{4539621E-2C2B-4100-A2AF-BDAB4C3FF0BE}.Release|Mixed Platforms.ActiveCfg = Release|x86
		{4539621E-2C2B-4100-A2AF-BDAB4C3FF0BE}.Release|Mixed Platforms.Build.0 = Release|x86
		{4539621E-2C2B-4100-A2AF-BDAB4C3FF0BE}.Release|x86.ActiveCfg = Release|x86
		{4539621E-2C2B-4100-A2AF-BDAB4C3FF0BE}.Release|x86.Build.0 = Release|x86
		{0D01049D-CBE9-4810-815F-85EAB19272E9}.Debug|Any CPU.ActiveCfg = Debug|x86
		{0D01049D-CBE9-4810-815F-85EAB19272E9}.Debug|Mixed Platforms.ActiveCfg = Debug|x86
		{0D01049D-CBE9-4810-815F-85EAB19272E9}.Debug|Mixed Platforms.Build.0 = Debug|x86
		{0D01049D-CBE9-4810-815F-85EAB19272E9}.Debug|x86.ActiveCfg = Debug|x86
		{0D01049D-CBE9-4810-815F-85EAB19272E9}.Debug|x86.Build.0 = Debug|x86
		{0D01049D-CBE9-4810-815F-85EAB19272E9}.Release|Any CPU.ActiveCfg = Release|x86
		{0D01049D-CBE9-4810-815F-85EAB19272E9}.Release|Mixed Platforms.ActiveCfg = Release|x86
		{0D01049D-CBE9-4810-815F-85EAB19272E9}.Release|Mixed Platforms.Build.0 = Release|x86
		{0D01049D-CBE9-4810-815F-85EAB19272E9}.Release|x86.ActiveCfg = Release|x86
		{0D01049D-CBE9-4810-815F-85EAB19272E9}.Release|x86.Build.0 = Release|x86
		{B021F6AB-171B-461C-B76B-7EBE7C7690A8}.Debug|Any CPU.ActiveCfg = Debug|x86
		{B021F6AB-171B-461C-B76B-7EBE7C7690A8}.Debug|Mixed Platforms.ActiveCfg = Debug|x86
		{B021F6AB-171B-461C-B76B-7EBE7C7690A8}.Debug|Mixed Platforms.Build.0 = Debug|x86
		{B021F6AB-171B-461C-B76B-7EBE7C7690A8}.Debug|x86.ActiveCfg = Debug|x86
		{B021F6AB-171B-461C-B76B-7EBE7C7690A8}.Debug|x86.Build.0 = Debug|x86
		{B021F6AB-171B-461C-B76B-7EBE7C7690A8}.Release|Any CPU.ActiveCfg = Release|x86
		{B021F6AB-171B-461C-B76B-7EBE7C7690A8}.Release|Mixed Platforms.ActiveCfg = Release|x86
		{B021F6AB-171B-461C-B76B-7EBE7C7690A8}.Release|Mixed Platforms.Build.0 = Release|x86
		{B021F6AB-171B-461C-B76B-7EBE7C7690A8}.Release|x86.ActiveCfg = Release|x86
		{B021F6AB-171B-461C-B76B-7EBE7C7690A8}.Release|x86.Build.0 = Release|x86
		{E14CAA30-8ADC-4FDE-952B-6992EE8A4D29}.Debug|Any CPU.ActiveCfg = Debug|x86
		{E14CAA30-8ADC-4FDE-952B-6992EE8A4D29}.Debug|Mixed Platforms.ActiveCfg = Debug|x86
		{E14CAA30-8ADC-4FDE-952B-6992EE8A4D29}.Debug|Mixed Platforms.Build.0 = Debug|x86
		{E14CAA30-8ADC-4FDE-952B-6992EE8A4D29}.Debug|x86.ActiveCfg = Debug|x86
		{E14CAA30-8ADC-4FDE-952B-6992EE8A4D29}.Debug|x86.Build.0 = Debug|x86
		{E14CAA30-8ADC-4FDE-952B-6992EE8A4D29}.Release|Any CPU.ActiveCfg = Release|x86
		{E14CAA30-8ADC-4FDE-952B-6992EE8A4D29}.Release|Mixed Platforms.ActiveCfg = Release|x86
		{E14CAA30-8ADC-4FDE-952B-6992EE8A4D29}.Release|Mixed Platforms.Build.0 = Release|x86
		{E14CAA30-8ADC-4FDE-952B-6992EE8A4D29}.Release|x86.ActiveCfg = Release|x86
		{E14CAA30-8ADC-4FDE-952B-6992EE8A4D29}.Release|x86.Build.0 = Release|x86
		{78C438D4-2F65-4179-B7F7-B39875609176}.Debug|Any CPU.ActiveCfg = Debug|x86
		{78C438D4-2F65-4179-B7F7-B39875609176}.Debug|Mixed Platforms.ActiveCfg = Debug|x86
		{78C438D4-2F65-4179-B7F7-B39875609176}.Debug|Mixed Platforms.Build.0 = Debug|x86
		{78C438D4-2F65-4179-B7F7-B39875609176}.Debug|x86.ActiveCfg = Debug|x86
		{78C438D4-2F65-4179-B7F7-B39875609176}.Debug|x86.Build.0 = Debug|x86
		{78C438D4-2F65-4179-B7F7-B39875609176}.Release|Any CPU.ActiveCfg = Release|x86
		{78C438D4-2F65-4179-B7F7-B39875609176}.Release|Mixed Platforms.ActiveCfg = Release|x86
		{78C438D4-2F65-4179-B7F7-B39875609176}.Release|Mixed Platforms.Build.0 = Release|x86
		{78C438D4-2F65-4179-B7F7-B39875609176}.Release|x86.ActiveCfg = Release|x86
		{78C438D4-2F65-4179-B7F7-B39875609176}.Release|x86.Build.0 = Release|x86
		{818AA3FD-91FD-4FA2-86C2-0B7280126F21}.Debug|Any CPU.ActiveCfg = Debug|x86
		{818AA3FD-91FD-4FA2-86C2-0B7280126F21}.Debug|Mixed Platforms.ActiveCfg = Debug|x86
		{818AA3FD-91FD-4FA2-86C2-0B7280126F21}.Debug|Mixed Platforms.Build.0 = Debug|x86
		{818AA3FD-91FD-4FA2-86C2-0B7280126F21}.Debug|x86.ActiveCfg = Debug|x86
		{818AA3FD-91FD-4FA2-86C2-0B7280126F21}.Debug|x86.Build.0 = Debug|x86
		{818AA3FD-91FD-4FA2-86C2-0B7280126F21}.Release|Any CPU.ActiveCfg = Release|x86
		{818AA3FD-91FD-4FA2-86C2-0B7280126F21}.Release|Mixed Platforms.ActiveCfg = Release|x86
		{818AA3FD-91FD-4FA2-86C2-0B7280126F21}.Release|Mixed Platforms.Build.0 = Release|x86
		{818AA3FD-91FD-4FA2-86C2-0B7280126F21}.Release|x86.ActiveCfg = Release|x86
		{818AA3FD-91FD-4FA2-86C2-0B7280126F21}.Release|x86.Build.0 = Release|x86
	EndGlobalSection
	GlobalSection(SolutionProperties) = preSolution
		HideSolutionNode = FALSE
	EndGlobalSection
EndGlobal
