
Microsoft Visual Studio Solution File, Format Version 11.00
# Visual Studio 2010
Project("{FAE04EC0-301F-11D3-BF4B-00C04F79EFBC}") = "Task01", "Task01\Task01.csproj", "{C290E2BC-6FA3-49C7-A998-24AC015EFA99}"
EndProject
Project("{FAE04EC0-301F-11D3-BF4B-00C04F79EFBC}") = "Task02", "Task02\Task02.csproj", "{7E63CB9B-3CB5-42B9-AF27-3E8211F7C869}"
EndProject
Project("{FAE04EC0-301F-11D3-BF4B-00C04F79EFBC}") = "Task03", "Task03\Task03.csproj", "{048E6867-4591-406B-80D6-C9D3C43B796F}"
EndProject
Project("{FAE04EC0-301F-11D3-BF4B-00C04F79EFBC}") = "Task04", "Task04\Task04.csproj", "{7C92BB2D-9C0F-4E70-B72C-7B4730B96A5B}"
EndProject
Project("{FAE04EC0-301F-11D3-BF4B-00C04F79EFBC}") = "Task05", "Task05\Task05.csproj", "{B41EFE74-0D23-4C98-AA8A-64058E41A053}"
EndProject
Project("{FAE04EC0-301F-11D3-BF4B-00C04F79EFBC}") = "Task06", "Task06\Task06.csproj", "{C699CFA9-2DAC-4997-9C3C-73FF6EB90370}"
EndProject
Project("{FAE04EC0-301F-11D3-BF4B-00C04F79EFBC}") = "Task07", "Task07\Task07.csproj", "{581C5D86-887C-49F3-B6C8-B7436A4A75A0}"
EndProject
Project("{FAE04EC0-301F-11D3-BF4B-00C04F79EFBC}") = "Task08", "Task08\Task08.csproj", "{CC1DB7B6-85F1-4C36-9E8C-6191048D5218}"
EndProject
Project("{FAE04EC0-301F-11D3-BF4B-00C04F79EFBC}") = "Task09", "Task09\Task09.csproj", "{AFA75B2F-8168-4494-8D3C-9E388DE04DAE}"
EndProject
Project("{FAE04EC0-301F-11D3-BF4B-00C04F79EFBC}") = "Task10", "Task10\Task10.csproj", "{376FF056-7AA6-4A31-8640-783FAC14DA38}"
EndProject
Project("{FAE04EC0-301F-11D3-BF4B-00C04F79EFBC}") = "Task11", "Task11\Task11.csproj", "{AAB91A85-193D-4C01-83FE-A0F5397AE05A}"
EndProject
Global
	GlobalSection(SolutionConfigurationPlatforms) = preSolution
		Debug|x86 = Debug|x86
		Release|x86 = Release|x86
	EndGlobalSection
	GlobalSection(ProjectConfigurationPlatforms) = postSolution
		{C290E2BC-6FA3-49C7-A998-24AC015EFA99}.Debug|x86.ActiveCfg = Debug|x86
		{C290E2BC-6FA3-49C7-A998-24AC015EFA99}.Debug|x86.Build.0 = Debug|x86
		{C290E2BC-6FA3-49C7-A998-24AC015EFA99}.Release|x86.ActiveCfg = Release|x86
		{C290E2BC-6FA3-49C7-A998-24AC015EFA99}.Release|x86.Build.0 = Release|x86
		{7E63CB9B-3CB5-42B9-AF27-3E8211F7C869}.Debug|x86.ActiveCfg = Debug|x86
		{7E63CB9B-3CB5-42B9-AF27-3E8211F7C869}.Debug|x86.Build.0 = Debug|x86
		{7E63CB9B-3CB5-42B9-AF27-3E8211F7C869}.Release|x86.ActiveCfg = Release|x86
		{7E63CB9B-3CB5-42B9-AF27-3E8211F7C869}.Release|x86.Build.0 = Release|x86
		{048E6867-4591-406B-80D6-C9D3C43B796F}.Debug|x86.ActiveCfg = Debug|x86
		{048E6867-4591-406B-80D6-C9D3C43B796F}.Debug|x86.Build.0 = Debug|x86
		{048E6867-4591-406B-80D6-C9D3C43B796F}.Release|x86.ActiveCfg = Release|x86
		{048E6867-4591-406B-80D6-C9D3C43B796F}.Release|x86.Build.0 = Release|x86
		{7C92BB2D-9C0F-4E70-B72C-7B4730B96A5B}.Debug|x86.ActiveCfg = Debug|x86
		{7C92BB2D-9C0F-4E70-B72C-7B4730B96A5B}.Debug|x86.Build.0 = Debug|x86
		{7C92BB2D-9C0F-4E70-B72C-7B4730B96A5B}.Release|x86.ActiveCfg = Release|x86
		{7C92BB2D-9C0F-4E70-B72C-7B4730B96A5B}.Release|x86.Build.0 = Release|x86
		{B41EFE74-0D23-4C98-AA8A-64058E41A053}.Debug|x86.ActiveCfg = Debug|x86
		{B41EFE74-0D23-4C98-AA8A-64058E41A053}.Debug|x86.Build.0 = Debug|x86
		{B41EFE74-0D23-4C98-AA8A-64058E41A053}.Release|x86.ActiveCfg = Release|x86
		{B41EFE74-0D23-4C98-AA8A-64058E41A053}.Release|x86.Build.0 = Release|x86
		{C699CFA9-2DAC-4997-9C3C-73FF6EB90370}.Debug|x86.ActiveCfg = Debug|x86
		{C699CFA9-2DAC-4997-9C3C-73FF6EB90370}.Debug|x86.Build.0 = Debug|x86
		{C699CFA9-2DAC-4997-9C3C-73FF6EB90370}.Release|x86.ActiveCfg = Release|x86
		{C699CFA9-2DAC-4997-9C3C-73FF6EB90370}.Release|x86.Build.0 = Release|x86
		{581C5D86-887C-49F3-B6C8-B7436A4A75A0}.Debug|x86.ActiveCfg = Debug|x86
		{581C5D86-887C-49F3-B6C8-B7436A4A75A0}.Debug|x86.Build.0 = Debug|x86
		{581C5D86-887C-49F3-B6C8-B7436A4A75A0}.Release|x86.ActiveCfg = Release|x86
		{581C5D86-887C-49F3-B6C8-B7436A4A75A0}.Release|x86.Build.0 = Release|x86
		{CC1DB7B6-85F1-4C36-9E8C-6191048D5218}.Debug|x86.ActiveCfg = Debug|x86
		{CC1DB7B6-85F1-4C36-9E8C-6191048D5218}.Debug|x86.Build.0 = Debug|x86
		{CC1DB7B6-85F1-4C36-9E8C-6191048D5218}.Release|x86.ActiveCfg = Release|x86
		{CC1DB7B6-85F1-4C36-9E8C-6191048D5218}.Release|x86.Build.0 = Release|x86
		{AFA75B2F-8168-4494-8D3C-9E388DE04DAE}.Debug|x86.ActiveCfg = Debug|x86
		{AFA75B2F-8168-4494-8D3C-9E388DE04DAE}.Debug|x86.Build.0 = Debug|x86
		{AFA75B2F-8168-4494-8D3C-9E388DE04DAE}.Release|x86.ActiveCfg = Release|x86
		{AFA75B2F-8168-4494-8D3C-9E388DE04DAE}.Release|x86.Build.0 = Release|x86
		{376FF056-7AA6-4A31-8640-783FAC14DA38}.Debug|x86.ActiveCfg = Debug|x86
		{376FF056-7AA6-4A31-8640-783FAC14DA38}.Debug|x86.Build.0 = Debug|x86
		{376FF056-7AA6-4A31-8640-783FAC14DA38}.Release|x86.ActiveCfg = Release|x86
		{376FF056-7AA6-4A31-8640-783FAC14DA38}.Release|x86.Build.0 = Release|x86
		{AAB91A85-193D-4C01-83FE-A0F5397AE05A}.Debug|x86.ActiveCfg = Debug|x86
		{AAB91A85-193D-4C01-83FE-A0F5397AE05A}.Debug|x86.Build.0 = Debug|x86
		{AAB91A85-193D-4C01-83FE-A0F5397AE05A}.Release|x86.ActiveCfg = Release|x86
		{AAB91A85-193D-4C01-83FE-A0F5397AE05A}.Release|x86.Build.0 = Release|x86
	EndGlobalSection
	GlobalSection(SolutionProperties) = preSolution
		HideSolutionNode = FALSE
	EndGlobalSection
EndGlobal
