
Microsoft Visual Studio Solution File, Format Version 11.00
# Visual Studio 2010
Project("{FAE04EC0-301F-11D3-BF4B-00C04F79EFBC}") = "01.A Matrix", "Matrix A\01.A Matrix.csproj", "{AF0CC478-3BAA-4A66-99C5-B586795D4975}"
EndProject
Project("{FAE04EC0-301F-11D3-BF4B-00C04F79EFBC}") = "01.B Matrix", "Matrix B\01.B Matrix.csproj", "{05D31BE6-0E01-4279-9732-922975FEBF52}"
EndProject
Project("{FAE04EC0-301F-11D3-BF4B-00C04F79EFBC}") = "01.C1 Matrix", "Matrix C1\01.C1 Matrix.csproj", "{6237DC52-6EC0-40E0-8685-40DDC6629CF4}"
EndProject
Project("{FAE04EC0-301F-11D3-BF4B-00C04F79EFBC}") = "01.C2 Matrix", "Matrix C2\01.C2 Matrix.csproj", "{968DD80A-CEE3-4E4B-A301-5CC1C5931F9B}"
EndProject
Project("{FAE04EC0-301F-11D3-BF4B-00C04F79EFBC}") = "01.D Matrix", "Matrix D\01.D Matrix.csproj", "{C4FF0727-027F-4E7A-A5A8-DAB9508C8172}"
EndProject
Project("{FAE04EC0-301F-11D3-BF4B-00C04F79EFBC}") = "01.E Matrix", "Matrix E\01.E Matrix.csproj", "{8184A328-63D4-4557-BCCE-E9C74C22B341}"
EndProject
Project("{FAE04EC0-301F-11D3-BF4B-00C04F79EFBC}") = "02.MaxSumArea", "MaxSumAreaInMatrix\02.MaxSumArea.csproj", "{7E63CB9B-3CB5-42B9-AF27-3E8211F7C869}"
EndProject
Project("{FAE04EC0-301F-11D3-BF4B-00C04F79EFBC}") = "03. CheckDimentionForEquals", "CheckDimentionForEquals\03. CheckDimentionForEquals.csproj", "{DFA2A4D9-AA5E-4F1B-97BB-9E3E019C2D74}"
EndProject
Project("{FAE04EC0-301F-11D3-BF4B-00C04F79EFBC}") = "04. BinarySort", "BinarySort\04. BinarySort.csproj", "{7C92BB2D-9C0F-4E70-B72C-7B4730B96A5B}"
EndProject
Project("{FAE04EC0-301F-11D3-BF4B-00C04F79EFBC}") = "05. SortByLenght", "SortByLenght\05. SortByLenght.csproj", "{B41EFE74-0D23-4C98-AA8A-64058E41A053}"
EndProject
Project("{FAE04EC0-301F-11D3-BF4B-00C04F79EFBC}") = "07.A MatrixBFS", "MatrixBFS A\07.A MatrixBFS.csproj", "{581C5D86-887C-49F3-B6C8-B7436A4A75A0}"
EndProject
Project("{FAE04EC0-301F-11D3-BF4B-00C04F79EFBC}") = "07.B MatrixBFS", "MatrixBFS B\07.B MatrixBFS.csproj", "{D9FCE86D-D155-42D6-8658-B1294DBBED39}"
EndProject
Project("{FAE04EC0-301F-11D3-BF4B-00C04F79EFBC}") = "07. MatrixOperations !!!", "MatrixOperations\07. MatrixOperations !!!.csproj", "{C699CFA9-2DAC-4997-9C3C-73FF6EB90370}"
EndProject
Global
	GlobalSection(SolutionConfigurationPlatforms) = preSolution
		Debug|x86 = Debug|x86
		Release|x86 = Release|x86
	EndGlobalSection
	GlobalSection(ProjectConfigurationPlatforms) = postSolution
		{AF0CC478-3BAA-4A66-99C5-B586795D4975}.Debug|x86.ActiveCfg = Debug|x86
		{AF0CC478-3BAA-4A66-99C5-B586795D4975}.Debug|x86.Build.0 = Debug|x86
		{AF0CC478-3BAA-4A66-99C5-B586795D4975}.Release|x86.ActiveCfg = Release|x86
		{AF0CC478-3BAA-4A66-99C5-B586795D4975}.Release|x86.Build.0 = Release|x86
		{05D31BE6-0E01-4279-9732-922975FEBF52}.Debug|x86.ActiveCfg = Debug|x86
		{05D31BE6-0E01-4279-9732-922975FEBF52}.Debug|x86.Build.0 = Debug|x86
		{05D31BE6-0E01-4279-9732-922975FEBF52}.Release|x86.ActiveCfg = Release|x86
		{05D31BE6-0E01-4279-9732-922975FEBF52}.Release|x86.Build.0 = Release|x86
		{6237DC52-6EC0-40E0-8685-40DDC6629CF4}.Debug|x86.ActiveCfg = Debug|x86
		{6237DC52-6EC0-40E0-8685-40DDC6629CF4}.Debug|x86.Build.0 = Debug|x86
		{6237DC52-6EC0-40E0-8685-40DDC6629CF4}.Release|x86.ActiveCfg = Release|x86
		{6237DC52-6EC0-40E0-8685-40DDC6629CF4}.Release|x86.Build.0 = Release|x86
		{968DD80A-CEE3-4E4B-A301-5CC1C5931F9B}.Debug|x86.ActiveCfg = Debug|x86
		{968DD80A-CEE3-4E4B-A301-5CC1C5931F9B}.Debug|x86.Build.0 = Debug|x86
		{968DD80A-CEE3-4E4B-A301-5CC1C5931F9B}.Release|x86.ActiveCfg = Release|x86
		{968DD80A-CEE3-4E4B-A301-5CC1C5931F9B}.Release|x86.Build.0 = Release|x86
		{C4FF0727-027F-4E7A-A5A8-DAB9508C8172}.Debug|x86.ActiveCfg = Debug|x86
		{C4FF0727-027F-4E7A-A5A8-DAB9508C8172}.Debug|x86.Build.0 = Debug|x86
		{C4FF0727-027F-4E7A-A5A8-DAB9508C8172}.Release|x86.ActiveCfg = Release|x86
		{C4FF0727-027F-4E7A-A5A8-DAB9508C8172}.Release|x86.Build.0 = Release|x86
		{8184A328-63D4-4557-BCCE-E9C74C22B341}.Debug|x86.ActiveCfg = Debug|x86
		{8184A328-63D4-4557-BCCE-E9C74C22B341}.Debug|x86.Build.0 = Debug|x86
		{8184A328-63D4-4557-BCCE-E9C74C22B341}.Release|x86.ActiveCfg = Release|x86
		{8184A328-63D4-4557-BCCE-E9C74C22B341}.Release|x86.Build.0 = Release|x86
		{7E63CB9B-3CB5-42B9-AF27-3E8211F7C869}.Debug|x86.ActiveCfg = Debug|x86
		{7E63CB9B-3CB5-42B9-AF27-3E8211F7C869}.Debug|x86.Build.0 = Debug|x86
		{7E63CB9B-3CB5-42B9-AF27-3E8211F7C869}.Release|x86.ActiveCfg = Release|x86
		{7E63CB9B-3CB5-42B9-AF27-3E8211F7C869}.Release|x86.Build.0 = Release|x86
		{DFA2A4D9-AA5E-4F1B-97BB-9E3E019C2D74}.Debug|x86.ActiveCfg = Debug|x86
		{DFA2A4D9-AA5E-4F1B-97BB-9E3E019C2D74}.Debug|x86.Build.0 = Debug|x86
		{DFA2A4D9-AA5E-4F1B-97BB-9E3E019C2D74}.Release|x86.ActiveCfg = Release|x86
		{DFA2A4D9-AA5E-4F1B-97BB-9E3E019C2D74}.Release|x86.Build.0 = Release|x86
		{7C92BB2D-9C0F-4E70-B72C-7B4730B96A5B}.Debug|x86.ActiveCfg = Debug|x86
		{7C92BB2D-9C0F-4E70-B72C-7B4730B96A5B}.Debug|x86.Build.0 = Debug|x86
		{7C92BB2D-9C0F-4E70-B72C-7B4730B96A5B}.Release|x86.ActiveCfg = Release|x86
		{7C92BB2D-9C0F-4E70-B72C-7B4730B96A5B}.Release|x86.Build.0 = Release|x86
		{B41EFE74-0D23-4C98-AA8A-64058E41A053}.Debug|x86.ActiveCfg = Debug|x86
		{B41EFE74-0D23-4C98-AA8A-64058E41A053}.Debug|x86.Build.0 = Debug|x86
		{B41EFE74-0D23-4C98-AA8A-64058E41A053}.Release|x86.ActiveCfg = Release|x86
		{B41EFE74-0D23-4C98-AA8A-64058E41A053}.Release|x86.Build.0 = Release|x86
		{581C5D86-887C-49F3-B6C8-B7436A4A75A0}.Debug|x86.ActiveCfg = Debug|x86
		{581C5D86-887C-49F3-B6C8-B7436A4A75A0}.Debug|x86.Build.0 = Debug|x86
		{581C5D86-887C-49F3-B6C8-B7436A4A75A0}.Release|x86.ActiveCfg = Release|x86
		{581C5D86-887C-49F3-B6C8-B7436A4A75A0}.Release|x86.Build.0 = Release|x86
		{D9FCE86D-D155-42D6-8658-B1294DBBED39}.Debug|x86.ActiveCfg = Debug|x86
		{D9FCE86D-D155-42D6-8658-B1294DBBED39}.Debug|x86.Build.0 = Debug|x86
		{D9FCE86D-D155-42D6-8658-B1294DBBED39}.Release|x86.ActiveCfg = Release|x86
		{D9FCE86D-D155-42D6-8658-B1294DBBED39}.Release|x86.Build.0 = Release|x86
		{C699CFA9-2DAC-4997-9C3C-73FF6EB90370}.Debug|x86.ActiveCfg = Debug|x86
		{C699CFA9-2DAC-4997-9C3C-73FF6EB90370}.Debug|x86.Build.0 = Debug|x86
		{C699CFA9-2DAC-4997-9C3C-73FF6EB90370}.Release|x86.ActiveCfg = Release|x86
		{C699CFA9-2DAC-4997-9C3C-73FF6EB90370}.Release|x86.Build.0 = Release|x86
	EndGlobalSection
	GlobalSection(SolutionProperties) = preSolution
		HideSolutionNode = FALSE
	EndGlobalSection
EndGlobal
