
Microsoft Visual Studio Solution File, Format Version 11.00
# Visual Studio 2010
Project("{FAE04EC0-301F-11D3-BF4B-00C04F79EFBC}") = "03. Permutations", "Permutations\03. Permutations.csproj", "{65A8C277-BB4B-4FFC-9370-FE72C023A818}"
EndProject
Project("{FAE04EC0-301F-11D3-BF4B-00C04F79EFBC}") = "01. CombinationsNoDuplicates", "CombinationsNoDuplicates\01. CombinationsNoDuplicates.csproj", "{E7A02462-3169-49D7-99CA-4531976AB3FB}"
EndProject
Project("{FAE04EC0-301F-11D3-BF4B-00C04F79EFBC}") = "02. CombinationsWithDuplicates", "CombinationsWithDuplicates\02. CombinationsWithDuplicates.csproj", "{171FBC20-5AD3-487F-BBF9-70A53A8A7A3C}"
EndProject
Project("{FAE04EC0-301F-11D3-BF4B-00C04F79EFBC}") = "10. TraverseDirectory", "TraverseDirectory\10. TraverseDirectory.csproj", "{7B4C3F53-E26D-4F54-B529-61D6BD654212}"
EndProject
Project("{FAE04EC0-301F-11D3-BF4B-00C04F79EFBC}") = "05. SubSetStrings", "SubSetStrings\05. SubSetStrings.csproj", "{03754CFE-FEA4-4107-AF14-DE2A17F5F59A}"
EndProject
Project("{FAE04EC0-301F-11D3-BF4B-00C04F79EFBC}") = "04. k-SubsetsFromElementSet", "k-SubsetsFromElementSet\04. k-SubsetsFromElementSet.csproj", "{159F0D71-68FA-40A3-B427-4318BD1AAD46}"
EndProject
Project("{FAE04EC0-301F-11D3-BF4B-00C04F79EFBC}") = "06. PathsBetween2CellsInMatrix", "PathsBetween2CellsInMatrix\06. PathsBetween2CellsInMatrix.csproj", "{BFD22638-CDE2-4F1B-ADC3-ED7188112E75}"
EndProject
Project("{FAE04EC0-301F-11D3-BF4B-00C04F79EFBC}") = "09. ShortestPathInMatrix", "ShortestPathInMatrix\09. ShortestPathInMatrix.csproj", "{CDD04522-4474-4367-86F6-93D60785DAC8}"
EndProject
Project("{FAE04EC0-301F-11D3-BF4B-00C04F79EFBC}") = "07. PathInBigMatrix", "PathInBigMatrix\07. PathInBigMatrix.csproj", "{9CFD6DED-150E-4447-99EA-8AD4FA5691C6}"
EndProject
Project("{FAE04EC0-301F-11D3-BF4B-00C04F79EFBC}") = "08. LargestAdjacentInMatrix", "LargestAdjacentInMatrix\08. LargestAdjacentInMatrix.csproj", "{E1CDB069-49CB-4EEF-8950-80AD11C0B1BA}"
EndProject
Global
	GlobalSection(SolutionConfigurationPlatforms) = preSolution
		Debug|Any CPU = Debug|Any CPU
		Debug|Mixed Platforms = Debug|Mixed Platforms
		Debug|x86 = Debug|x86
		Release|Any CPU = Release|Any CPU
		Release|Mixed Platforms = Release|Mixed Platforms
		Release|x86 = Release|x86
	EndGlobalSection
	GlobalSection(ProjectConfigurationPlatforms) = postSolution
		{65A8C277-BB4B-4FFC-9370-FE72C023A818}.Debug|Any CPU.ActiveCfg = Debug|x86
		{65A8C277-BB4B-4FFC-9370-FE72C023A818}.Debug|Mixed Platforms.ActiveCfg = Debug|x86
		{65A8C277-BB4B-4FFC-9370-FE72C023A818}.Debug|Mixed Platforms.Build.0 = Debug|x86
		{65A8C277-BB4B-4FFC-9370-FE72C023A818}.Debug|x86.ActiveCfg = Debug|x86
		{65A8C277-BB4B-4FFC-9370-FE72C023A818}.Debug|x86.Build.0 = Debug|x86
		{65A8C277-BB4B-4FFC-9370-FE72C023A818}.Release|Any CPU.ActiveCfg = Release|x86
		{65A8C277-BB4B-4FFC-9370-FE72C023A818}.Release|Mixed Platforms.ActiveCfg = Release|x86
		{65A8C277-BB4B-4FFC-9370-FE72C023A818}.Release|Mixed Platforms.Build.0 = Release|x86
		{65A8C277-BB4B-4FFC-9370-FE72C023A818}.Release|x86.ActiveCfg = Release|x86
		{65A8C277-BB4B-4FFC-9370-FE72C023A818}.Release|x86.Build.0 = Release|x86
		{E7A02462-3169-49D7-99CA-4531976AB3FB}.Debug|Any CPU.ActiveCfg = Debug|x86
		{E7A02462-3169-49D7-99CA-4531976AB3FB}.Debug|Mixed Platforms.ActiveCfg = Debug|x86
		{E7A02462-3169-49D7-99CA-4531976AB3FB}.Debug|Mixed Platforms.Build.0 = Debug|x86
		{E7A02462-3169-49D7-99CA-4531976AB3FB}.Debug|x86.ActiveCfg = Debug|x86
		{E7A02462-3169-49D7-99CA-4531976AB3FB}.Debug|x86.Build.0 = Debug|x86
		{E7A02462-3169-49D7-99CA-4531976AB3FB}.Release|Any CPU.ActiveCfg = Release|x86
		{E7A02462-3169-49D7-99CA-4531976AB3FB}.Release|Mixed Platforms.ActiveCfg = Release|x86
		{E7A02462-3169-49D7-99CA-4531976AB3FB}.Release|Mixed Platforms.Build.0 = Release|x86
		{E7A02462-3169-49D7-99CA-4531976AB3FB}.Release|x86.ActiveCfg = Release|x86
		{E7A02462-3169-49D7-99CA-4531976AB3FB}.Release|x86.Build.0 = Release|x86
		{171FBC20-5AD3-487F-BBF9-70A53A8A7A3C}.Debug|Any CPU.ActiveCfg = Debug|x86
		{171FBC20-5AD3-487F-BBF9-70A53A8A7A3C}.Debug|Mixed Platforms.ActiveCfg = Debug|x86
		{171FBC20-5AD3-487F-BBF9-70A53A8A7A3C}.Debug|Mixed Platforms.Build.0 = Debug|x86
		{171FBC20-5AD3-487F-BBF9-70A53A8A7A3C}.Debug|x86.ActiveCfg = Debug|x86
		{171FBC20-5AD3-487F-BBF9-70A53A8A7A3C}.Debug|x86.Build.0 = Debug|x86
		{171FBC20-5AD3-487F-BBF9-70A53A8A7A3C}.Release|Any CPU.ActiveCfg = Release|x86
		{171FBC20-5AD3-487F-BBF9-70A53A8A7A3C}.Release|Mixed Platforms.ActiveCfg = Release|x86
		{171FBC20-5AD3-487F-BBF9-70A53A8A7A3C}.Release|Mixed Platforms.Build.0 = Release|x86
		{171FBC20-5AD3-487F-BBF9-70A53A8A7A3C}.Release|x86.ActiveCfg = Release|x86
		{171FBC20-5AD3-487F-BBF9-70A53A8A7A3C}.Release|x86.Build.0 = Release|x86
		{7B4C3F53-E26D-4F54-B529-61D6BD654212}.Debug|Any CPU.ActiveCfg = Debug|x86
		{7B4C3F53-E26D-4F54-B529-61D6BD654212}.Debug|Mixed Platforms.ActiveCfg = Debug|x86
		{7B4C3F53-E26D-4F54-B529-61D6BD654212}.Debug|Mixed Platforms.Build.0 = Debug|x86
		{7B4C3F53-E26D-4F54-B529-61D6BD654212}.Debug|x86.ActiveCfg = Debug|x86
		{7B4C3F53-E26D-4F54-B529-61D6BD654212}.Debug|x86.Build.0 = Debug|x86
		{7B4C3F53-E26D-4F54-B529-61D6BD654212}.Release|Any CPU.ActiveCfg = Release|x86
		{7B4C3F53-E26D-4F54-B529-61D6BD654212}.Release|Mixed Platforms.ActiveCfg = Release|x86
		{7B4C3F53-E26D-4F54-B529-61D6BD654212}.Release|Mixed Platforms.Build.0 = Release|x86
		{7B4C3F53-E26D-4F54-B529-61D6BD654212}.Release|x86.ActiveCfg = Release|x86
		{7B4C3F53-E26D-4F54-B529-61D6BD654212}.Release|x86.Build.0 = Release|x86
		{03754CFE-FEA4-4107-AF14-DE2A17F5F59A}.Debug|Any CPU.ActiveCfg = Debug|x86
		{03754CFE-FEA4-4107-AF14-DE2A17F5F59A}.Debug|Mixed Platforms.ActiveCfg = Debug|x86
		{03754CFE-FEA4-4107-AF14-DE2A17F5F59A}.Debug|Mixed Platforms.Build.0 = Debug|x86
		{03754CFE-FEA4-4107-AF14-DE2A17F5F59A}.Debug|x86.ActiveCfg = Debug|x86
		{03754CFE-FEA4-4107-AF14-DE2A17F5F59A}.Debug|x86.Build.0 = Debug|x86
		{03754CFE-FEA4-4107-AF14-DE2A17F5F59A}.Release|Any CPU.ActiveCfg = Release|x86
		{03754CFE-FEA4-4107-AF14-DE2A17F5F59A}.Release|Mixed Platforms.ActiveCfg = Release|x86
		{03754CFE-FEA4-4107-AF14-DE2A17F5F59A}.Release|Mixed Platforms.Build.0 = Release|x86
		{03754CFE-FEA4-4107-AF14-DE2A17F5F59A}.Release|x86.ActiveCfg = Release|x86
		{03754CFE-FEA4-4107-AF14-DE2A17F5F59A}.Release|x86.Build.0 = Release|x86
		{159F0D71-68FA-40A3-B427-4318BD1AAD46}.Debug|Any CPU.ActiveCfg = Debug|x86
		{159F0D71-68FA-40A3-B427-4318BD1AAD46}.Debug|Mixed Platforms.ActiveCfg = Debug|x86
		{159F0D71-68FA-40A3-B427-4318BD1AAD46}.Debug|Mixed Platforms.Build.0 = Debug|x86
		{159F0D71-68FA-40A3-B427-4318BD1AAD46}.Debug|x86.ActiveCfg = Debug|x86
		{159F0D71-68FA-40A3-B427-4318BD1AAD46}.Debug|x86.Build.0 = Debug|x86
		{159F0D71-68FA-40A3-B427-4318BD1AAD46}.Release|Any CPU.ActiveCfg = Release|x86
		{159F0D71-68FA-40A3-B427-4318BD1AAD46}.Release|Mixed Platforms.ActiveCfg = Release|x86
		{159F0D71-68FA-40A3-B427-4318BD1AAD46}.Release|Mixed Platforms.Build.0 = Release|x86
		{159F0D71-68FA-40A3-B427-4318BD1AAD46}.Release|x86.ActiveCfg = Release|x86
		{159F0D71-68FA-40A3-B427-4318BD1AAD46}.Release|x86.Build.0 = Release|x86
		{BFD22638-CDE2-4F1B-ADC3-ED7188112E75}.Debug|Any CPU.ActiveCfg = Debug|x86
		{BFD22638-CDE2-4F1B-ADC3-ED7188112E75}.Debug|Mixed Platforms.ActiveCfg = Debug|x86
		{BFD22638-CDE2-4F1B-ADC3-ED7188112E75}.Debug|Mixed Platforms.Build.0 = Debug|x86
		{BFD22638-CDE2-4F1B-ADC3-ED7188112E75}.Debug|x86.ActiveCfg = Debug|x86
		{BFD22638-CDE2-4F1B-ADC3-ED7188112E75}.Debug|x86.Build.0 = Debug|x86
		{BFD22638-CDE2-4F1B-ADC3-ED7188112E75}.Release|Any CPU.ActiveCfg = Release|x86
		{BFD22638-CDE2-4F1B-ADC3-ED7188112E75}.Release|Mixed Platforms.ActiveCfg = Release|x86
		{BFD22638-CDE2-4F1B-ADC3-ED7188112E75}.Release|Mixed Platforms.Build.0 = Release|x86
		{BFD22638-CDE2-4F1B-ADC3-ED7188112E75}.Release|x86.ActiveCfg = Release|x86
		{BFD22638-CDE2-4F1B-ADC3-ED7188112E75}.Release|x86.Build.0 = Release|x86
		{CDD04522-4474-4367-86F6-93D60785DAC8}.Debug|Any CPU.ActiveCfg = Debug|x86
		{CDD04522-4474-4367-86F6-93D60785DAC8}.Debug|Mixed Platforms.ActiveCfg = Debug|x86
		{CDD04522-4474-4367-86F6-93D60785DAC8}.Debug|Mixed Platforms.Build.0 = Debug|x86
		{CDD04522-4474-4367-86F6-93D60785DAC8}.Debug|x86.ActiveCfg = Debug|x86
		{CDD04522-4474-4367-86F6-93D60785DAC8}.Debug|x86.Build.0 = Debug|x86
		{CDD04522-4474-4367-86F6-93D60785DAC8}.Release|Any CPU.ActiveCfg = Release|x86
		{CDD04522-4474-4367-86F6-93D60785DAC8}.Release|Mixed Platforms.ActiveCfg = Release|x86
		{CDD04522-4474-4367-86F6-93D60785DAC8}.Release|Mixed Platforms.Build.0 = Release|x86
		{CDD04522-4474-4367-86F6-93D60785DAC8}.Release|x86.ActiveCfg = Release|x86
		{CDD04522-4474-4367-86F6-93D60785DAC8}.Release|x86.Build.0 = Release|x86
		{9CFD6DED-150E-4447-99EA-8AD4FA5691C6}.Debug|Any CPU.ActiveCfg = Debug|x86
		{9CFD6DED-150E-4447-99EA-8AD4FA5691C6}.Debug|Mixed Platforms.ActiveCfg = Debug|x86
		{9CFD6DED-150E-4447-99EA-8AD4FA5691C6}.Debug|Mixed Platforms.Build.0 = Debug|x86
		{9CFD6DED-150E-4447-99EA-8AD4FA5691C6}.Debug|x86.ActiveCfg = Debug|x86
		{9CFD6DED-150E-4447-99EA-8AD4FA5691C6}.Debug|x86.Build.0 = Debug|x86
		{9CFD6DED-150E-4447-99EA-8AD4FA5691C6}.Release|Any CPU.ActiveCfg = Release|x86
		{9CFD6DED-150E-4447-99EA-8AD4FA5691C6}.Release|Mixed Platforms.ActiveCfg = Release|x86
		{9CFD6DED-150E-4447-99EA-8AD4FA5691C6}.Release|Mixed Platforms.Build.0 = Release|x86
		{9CFD6DED-150E-4447-99EA-8AD4FA5691C6}.Release|x86.ActiveCfg = Release|x86
		{9CFD6DED-150E-4447-99EA-8AD4FA5691C6}.Release|x86.Build.0 = Release|x86
		{E1CDB069-49CB-4EEF-8950-80AD11C0B1BA}.Debug|Any CPU.ActiveCfg = Debug|x86
		{E1CDB069-49CB-4EEF-8950-80AD11C0B1BA}.Debug|Mixed Platforms.ActiveCfg = Debug|x86
		{E1CDB069-49CB-4EEF-8950-80AD11C0B1BA}.Debug|Mixed Platforms.Build.0 = Debug|x86
		{E1CDB069-49CB-4EEF-8950-80AD11C0B1BA}.Debug|x86.ActiveCfg = Debug|x86
		{E1CDB069-49CB-4EEF-8950-80AD11C0B1BA}.Debug|x86.Build.0 = Debug|x86
		{E1CDB069-49CB-4EEF-8950-80AD11C0B1BA}.Release|Any CPU.ActiveCfg = Release|x86
		{E1CDB069-49CB-4EEF-8950-80AD11C0B1BA}.Release|Mixed Platforms.ActiveCfg = Release|x86
		{E1CDB069-49CB-4EEF-8950-80AD11C0B1BA}.Release|Mixed Platforms.Build.0 = Release|x86
		{E1CDB069-49CB-4EEF-8950-80AD11C0B1BA}.Release|x86.ActiveCfg = Release|x86
		{E1CDB069-49CB-4EEF-8950-80AD11C0B1BA}.Release|x86.Build.0 = Release|x86
	EndGlobalSection
	GlobalSection(SolutionProperties) = preSolution
		HideSolutionNode = FALSE
	EndGlobalSection
EndGlobal
