
Microsoft Visual Studio Solution File, Format Version 11.00
# Visual Studio 2010
Project("{FAE04EC0-301F-11D3-BF4B-00C04F79EFBC}") = "01,2 ReverseString", "ReverseString\01,2 ReverseString.csproj", "{97A1867E-224B-4B3A-B17A-AE7C92380282}"
EndProject
Project("{FAE04EC0-301F-11D3-BF4B-00C04F79EFBC}") = "03. ValidateMathExpression", "ValidateMathExpression\03. ValidateMathExpression.csproj", "{1DBB8681-0139-417A-AB1B-2143916E3C01}"
EndProject
Project("{FAE04EC0-301F-11D3-BF4B-00C04F79EFBC}") = "04. RegexCaseInsensitiveSearch", "CaseInsensitiveSearch\04. RegexCaseInsensitiveSearch.csproj", "{CC5013CF-099A-481E-86DE-35718FC0AC5E}"
EndProject
Project("{FAE04EC0-301F-11D3-BF4B-00C04F79EFBC}") = "05.B RegularExprGrouping", "RegularExprGrouping\05.B RegularExprGrouping.csproj", "{AF67225A-F875-4459-8B16-A3606B239002}"
EndProject
Project("{FAE04EC0-301F-11D3-BF4B-00C04F79EFBC}") = "06. FillString", "FillString\06. FillString.csproj", "{C70267D9-CA86-4159-A62D-498745A13FAC}"
EndProject
Project("{FAE04EC0-301F-11D3-BF4B-00C04F79EFBC}") = "24. OrderWords", "OrderWords\24. OrderWords.csproj", "{48DEB35E-A36E-42F4-9647-14D8AED9ECF0}"
EndProject
Project("{FAE04EC0-301F-11D3-BF4B-00C04F79EFBC}") = "25. ExtractHTML", "ExtractHTML\25. ExtractHTML.csproj", "{30A71F23-B806-4604-8F33-7A8D7E68C2B5}"
EndProject
Project("{FAE04EC0-301F-11D3-BF4B-00C04F79EFBC}") = "23. DistinctLettersInString", "DistinctLettersInString\23. DistinctLettersInString.csproj", "{D0BC5930-278B-4019-86AB-5222EBEFAB7C}"
EndProject
Project("{FAE04EC0-301F-11D3-BF4B-00C04F79EFBC}") = "22. DistinctCount", "DistinctCount\22. DistinctCount.csproj", "{2E7B7AFD-CD6B-4EA8-BEE6-7927BABBBBD7}"
EndProject
Project("{FAE04EC0-301F-11D3-BF4B-00C04F79EFBC}") = "18. ExtractEmails", "ExtractEmails\18. ExtractEmails.csproj", "{B227E247-29E0-4A97-AF53-0103AB4C9296}"
EndProject
Project("{FAE04EC0-301F-11D3-BF4B-00C04F79EFBC}") = "05.A StringAutomation", "StringAutomation\05.A StringAutomation.csproj", "{8F94A6BC-4E9D-40AC-A541-23BB5A12B548}"
EndProject
Project("{FAE04EC0-301F-11D3-BF4B-00C04F79EFBC}") = "07. EncryptString !!!", "EncryptString\07. EncryptString !!!.csproj", "{EC002E3B-B1C0-4C02-BEC2-525962A89081}"
EndProject
Project("{FAE04EC0-301F-11D3-BF4B-00C04F79EFBC}") = "08. ExtractSubString", "ExtractSubString\08. ExtractSubString.csproj", "{8D311407-5643-4AE2-B368-1CFCCB2BD292}"
EndProject
Project("{FAE04EC0-301F-11D3-BF4B-00C04F79EFBC}") = "09. ReplaceString", "ReplaceString\09. ReplaceString.csproj", "{08886E44-DA40-4DC7-93A0-F4CA95FBEDCC}"
EndProject
Project("{FAE04EC0-301F-11D3-BF4B-00C04F79EFBC}") = "10. StringToUnicodeChars !!!", "StringToUnicodeChars\10. StringToUnicodeChars !!!.csproj", "{24B019A4-8F39-4687-8894-4F7CAD972BE0}"
EndProject
Project("{FAE04EC0-301F-11D3-BF4B-00C04F79EFBC}") = "11. FormatNumber !!!", "FormatNumber\11. FormatNumber !!!.csproj", "{42A59AD7-C3EE-4F37-BDF7-AB8B5F4E7AFA}"
EndProject
Project("{FAE04EC0-301F-11D3-BF4B-00C04F79EFBC}") = "12. ParseURL", "ParseURL\12. ParseURL.csproj", "{5040A12E-5047-4BBE-BC8C-91BD0A4AEAB6}"
EndProject
Project("{FAE04EC0-301F-11D3-BF4B-00C04F79EFBC}") = "13. ReverseWordsInText", "ReverseWordsInText\13. ReverseWordsInText.csproj", "{99A53EB8-DB3A-4289-B7EF-03072A60335E}"
EndProject
Project("{FAE04EC0-301F-11D3-BF4B-00C04F79EFBC}") = "14. Dictionary", "Dictionary\14. Dictionary.csproj", "{14F06F60-04FA-46FD-946B-42013D7481AB}"
EndProject
Project("{FAE04EC0-301F-11D3-BF4B-00C04F79EFBC}") = "15. RegexReplace", "RegexReplace\15. RegexReplace.csproj", "{06063B54-8387-4A54-ADF9-6ECFB40A248B}"
EndProject
Project("{FAE04EC0-301F-11D3-BF4B-00C04F79EFBC}") = "16.A CultureInfo", "CultureInfo\16.A CultureInfo.csproj", "{961CE156-7B2F-4BF0-B836-6B0597963CEF}"
EndProject
Project("{FAE04EC0-301F-11D3-BF4B-00C04F79EFBC}") = "16.B CultureInfo", "B CultureInfo\16.B CultureInfo.csproj", "{9C8157B0-44B3-46F6-AD0B-2EE5E96636D0}"
EndProject
Project("{FAE04EC0-301F-11D3-BF4B-00C04F79EFBC}") = "17. DateTimeFormat !!!", "DateTimeFormat\17. DateTimeFormat !!!.csproj", "{6A040E13-6064-463F-A9CF-0DD15659A539}"
EndProject
Project("{FAE04EC0-301F-11D3-BF4B-00C04F79EFBC}") = "19. ExtractCustomDate !!!", "ExtractCustomDate\19. ExtractCustomDate !!!.csproj", "{4BB7A334-0940-43BC-A151-C83F1BA0B3C3}"
EndProject
Project("{FAE04EC0-301F-11D3-BF4B-00C04F79EFBC}") = "20. ExtractPalindromes", "ExtractPalindromes\20. ExtractPalindromes.csproj", "{4C8A80FC-8880-4384-BE96-699512670CD2}"
EndProject
Project("{FAE04EC0-301F-11D3-BF4B-00C04F79EFBC}") = "21. DictionaryDistinctChars", "DictionaryDistinctChars\21. DictionaryDistinctChars.csproj", "{B9D7D44D-E405-48A8-A505-304026348852}"
EndProject
Global
	GlobalSection(SolutionConfigurationPlatforms) = preSolution
		Debug|x86 = Debug|x86
		Release|x86 = Release|x86
	EndGlobalSection
	GlobalSection(ProjectConfigurationPlatforms) = postSolution
		{97A1867E-224B-4B3A-B17A-AE7C92380282}.Debug|x86.ActiveCfg = Debug|x86
		{97A1867E-224B-4B3A-B17A-AE7C92380282}.Debug|x86.Build.0 = Debug|x86
		{97A1867E-224B-4B3A-B17A-AE7C92380282}.Release|x86.ActiveCfg = Release|x86
		{97A1867E-224B-4B3A-B17A-AE7C92380282}.Release|x86.Build.0 = Release|x86
		{1DBB8681-0139-417A-AB1B-2143916E3C01}.Debug|x86.ActiveCfg = Debug|x86
		{1DBB8681-0139-417A-AB1B-2143916E3C01}.Debug|x86.Build.0 = Debug|x86
		{1DBB8681-0139-417A-AB1B-2143916E3C01}.Release|x86.ActiveCfg = Release|x86
		{1DBB8681-0139-417A-AB1B-2143916E3C01}.Release|x86.Build.0 = Release|x86
		{CC5013CF-099A-481E-86DE-35718FC0AC5E}.Debug|x86.ActiveCfg = Debug|x86
		{CC5013CF-099A-481E-86DE-35718FC0AC5E}.Debug|x86.Build.0 = Debug|x86
		{CC5013CF-099A-481E-86DE-35718FC0AC5E}.Release|x86.ActiveCfg = Release|x86
		{CC5013CF-099A-481E-86DE-35718FC0AC5E}.Release|x86.Build.0 = Release|x86
		{AF67225A-F875-4459-8B16-A3606B239002}.Debug|x86.ActiveCfg = Debug|x86
		{AF67225A-F875-4459-8B16-A3606B239002}.Debug|x86.Build.0 = Debug|x86
		{AF67225A-F875-4459-8B16-A3606B239002}.Release|x86.ActiveCfg = Release|x86
		{AF67225A-F875-4459-8B16-A3606B239002}.Release|x86.Build.0 = Release|x86
		{C70267D9-CA86-4159-A62D-498745A13FAC}.Debug|x86.ActiveCfg = Debug|x86
		{C70267D9-CA86-4159-A62D-498745A13FAC}.Debug|x86.Build.0 = Debug|x86
		{C70267D9-CA86-4159-A62D-498745A13FAC}.Release|x86.ActiveCfg = Release|x86
		{C70267D9-CA86-4159-A62D-498745A13FAC}.Release|x86.Build.0 = Release|x86
		{48DEB35E-A36E-42F4-9647-14D8AED9ECF0}.Debug|x86.ActiveCfg = Debug|x86
		{48DEB35E-A36E-42F4-9647-14D8AED9ECF0}.Debug|x86.Build.0 = Debug|x86
		{48DEB35E-A36E-42F4-9647-14D8AED9ECF0}.Release|x86.ActiveCfg = Release|x86
		{48DEB35E-A36E-42F4-9647-14D8AED9ECF0}.Release|x86.Build.0 = Release|x86
		{30A71F23-B806-4604-8F33-7A8D7E68C2B5}.Debug|x86.ActiveCfg = Debug|x86
		{30A71F23-B806-4604-8F33-7A8D7E68C2B5}.Debug|x86.Build.0 = Debug|x86
		{30A71F23-B806-4604-8F33-7A8D7E68C2B5}.Release|x86.ActiveCfg = Release|x86
		{30A71F23-B806-4604-8F33-7A8D7E68C2B5}.Release|x86.Build.0 = Release|x86
		{D0BC5930-278B-4019-86AB-5222EBEFAB7C}.Debug|x86.ActiveCfg = Debug|x86
		{D0BC5930-278B-4019-86AB-5222EBEFAB7C}.Debug|x86.Build.0 = Debug|x86
		{D0BC5930-278B-4019-86AB-5222EBEFAB7C}.Release|x86.ActiveCfg = Release|x86
		{D0BC5930-278B-4019-86AB-5222EBEFAB7C}.Release|x86.Build.0 = Release|x86
		{2E7B7AFD-CD6B-4EA8-BEE6-7927BABBBBD7}.Debug|x86.ActiveCfg = Debug|x86
		{2E7B7AFD-CD6B-4EA8-BEE6-7927BABBBBD7}.Debug|x86.Build.0 = Debug|x86
		{2E7B7AFD-CD6B-4EA8-BEE6-7927BABBBBD7}.Release|x86.ActiveCfg = Release|x86
		{2E7B7AFD-CD6B-4EA8-BEE6-7927BABBBBD7}.Release|x86.Build.0 = Release|x86
		{B227E247-29E0-4A97-AF53-0103AB4C9296}.Debug|x86.ActiveCfg = Debug|x86
		{B227E247-29E0-4A97-AF53-0103AB4C9296}.Debug|x86.Build.0 = Debug|x86
		{B227E247-29E0-4A97-AF53-0103AB4C9296}.Release|x86.ActiveCfg = Release|x86
		{B227E247-29E0-4A97-AF53-0103AB4C9296}.Release|x86.Build.0 = Release|x86
		{8F94A6BC-4E9D-40AC-A541-23BB5A12B548}.Debug|x86.ActiveCfg = Debug|x86
		{8F94A6BC-4E9D-40AC-A541-23BB5A12B548}.Debug|x86.Build.0 = Debug|x86
		{8F94A6BC-4E9D-40AC-A541-23BB5A12B548}.Release|x86.ActiveCfg = Release|x86
		{8F94A6BC-4E9D-40AC-A541-23BB5A12B548}.Release|x86.Build.0 = Release|x86
		{EC002E3B-B1C0-4C02-BEC2-525962A89081}.Debug|x86.ActiveCfg = Debug|x86
		{EC002E3B-B1C0-4C02-BEC2-525962A89081}.Debug|x86.Build.0 = Debug|x86
		{EC002E3B-B1C0-4C02-BEC2-525962A89081}.Release|x86.ActiveCfg = Release|x86
		{EC002E3B-B1C0-4C02-BEC2-525962A89081}.Release|x86.Build.0 = Release|x86
		{8D311407-5643-4AE2-B368-1CFCCB2BD292}.Debug|x86.ActiveCfg = Debug|x86
		{8D311407-5643-4AE2-B368-1CFCCB2BD292}.Debug|x86.Build.0 = Debug|x86
		{8D311407-5643-4AE2-B368-1CFCCB2BD292}.Release|x86.ActiveCfg = Release|x86
		{8D311407-5643-4AE2-B368-1CFCCB2BD292}.Release|x86.Build.0 = Release|x86
		{08886E44-DA40-4DC7-93A0-F4CA95FBEDCC}.Debug|x86.ActiveCfg = Debug|x86
		{08886E44-DA40-4DC7-93A0-F4CA95FBEDCC}.Debug|x86.Build.0 = Debug|x86
		{08886E44-DA40-4DC7-93A0-F4CA95FBEDCC}.Release|x86.ActiveCfg = Release|x86
		{08886E44-DA40-4DC7-93A0-F4CA95FBEDCC}.Release|x86.Build.0 = Release|x86
		{24B019A4-8F39-4687-8894-4F7CAD972BE0}.Debug|x86.ActiveCfg = Debug|x86
		{24B019A4-8F39-4687-8894-4F7CAD972BE0}.Debug|x86.Build.0 = Debug|x86
		{24B019A4-8F39-4687-8894-4F7CAD972BE0}.Release|x86.ActiveCfg = Release|x86
		{24B019A4-8F39-4687-8894-4F7CAD972BE0}.Release|x86.Build.0 = Release|x86
		{42A59AD7-C3EE-4F37-BDF7-AB8B5F4E7AFA}.Debug|x86.ActiveCfg = Debug|x86
		{42A59AD7-C3EE-4F37-BDF7-AB8B5F4E7AFA}.Debug|x86.Build.0 = Debug|x86
		{42A59AD7-C3EE-4F37-BDF7-AB8B5F4E7AFA}.Release|x86.ActiveCfg = Release|x86
		{42A59AD7-C3EE-4F37-BDF7-AB8B5F4E7AFA}.Release|x86.Build.0 = Release|x86
		{5040A12E-5047-4BBE-BC8C-91BD0A4AEAB6}.Debug|x86.ActiveCfg = Debug|x86
		{5040A12E-5047-4BBE-BC8C-91BD0A4AEAB6}.Debug|x86.Build.0 = Debug|x86
		{5040A12E-5047-4BBE-BC8C-91BD0A4AEAB6}.Release|x86.ActiveCfg = Release|x86
		{5040A12E-5047-4BBE-BC8C-91BD0A4AEAB6}.Release|x86.Build.0 = Release|x86
		{99A53EB8-DB3A-4289-B7EF-03072A60335E}.Debug|x86.ActiveCfg = Debug|x86
		{99A53EB8-DB3A-4289-B7EF-03072A60335E}.Debug|x86.Build.0 = Debug|x86
		{99A53EB8-DB3A-4289-B7EF-03072A60335E}.Release|x86.ActiveCfg = Release|x86
		{99A53EB8-DB3A-4289-B7EF-03072A60335E}.Release|x86.Build.0 = Release|x86
		{14F06F60-04FA-46FD-946B-42013D7481AB}.Debug|x86.ActiveCfg = Debug|x86
		{14F06F60-04FA-46FD-946B-42013D7481AB}.Debug|x86.Build.0 = Debug|x86
		{14F06F60-04FA-46FD-946B-42013D7481AB}.Release|x86.ActiveCfg = Release|x86
		{14F06F60-04FA-46FD-946B-42013D7481AB}.Release|x86.Build.0 = Release|x86
		{06063B54-8387-4A54-ADF9-6ECFB40A248B}.Debug|x86.ActiveCfg = Debug|x86
		{06063B54-8387-4A54-ADF9-6ECFB40A248B}.Debug|x86.Build.0 = Debug|x86
		{06063B54-8387-4A54-ADF9-6ECFB40A248B}.Release|x86.ActiveCfg = Release|x86
		{06063B54-8387-4A54-ADF9-6ECFB40A248B}.Release|x86.Build.0 = Release|x86
		{961CE156-7B2F-4BF0-B836-6B0597963CEF}.Debug|x86.ActiveCfg = Debug|x86
		{961CE156-7B2F-4BF0-B836-6B0597963CEF}.Debug|x86.Build.0 = Debug|x86
		{961CE156-7B2F-4BF0-B836-6B0597963CEF}.Release|x86.ActiveCfg = Release|x86
		{961CE156-7B2F-4BF0-B836-6B0597963CEF}.Release|x86.Build.0 = Release|x86
		{9C8157B0-44B3-46F6-AD0B-2EE5E96636D0}.Debug|x86.ActiveCfg = Debug|x86
		{9C8157B0-44B3-46F6-AD0B-2EE5E96636D0}.Debug|x86.Build.0 = Debug|x86
		{9C8157B0-44B3-46F6-AD0B-2EE5E96636D0}.Release|x86.ActiveCfg = Release|x86
		{9C8157B0-44B3-46F6-AD0B-2EE5E96636D0}.Release|x86.Build.0 = Release|x86
		{6A040E13-6064-463F-A9CF-0DD15659A539}.Debug|x86.ActiveCfg = Debug|x86
		{6A040E13-6064-463F-A9CF-0DD15659A539}.Debug|x86.Build.0 = Debug|x86
		{6A040E13-6064-463F-A9CF-0DD15659A539}.Release|x86.ActiveCfg = Release|x86
		{6A040E13-6064-463F-A9CF-0DD15659A539}.Release|x86.Build.0 = Release|x86
		{4BB7A334-0940-43BC-A151-C83F1BA0B3C3}.Debug|x86.ActiveCfg = Debug|x86
		{4BB7A334-0940-43BC-A151-C83F1BA0B3C3}.Debug|x86.Build.0 = Debug|x86
		{4BB7A334-0940-43BC-A151-C83F1BA0B3C3}.Release|x86.ActiveCfg = Release|x86
		{4BB7A334-0940-43BC-A151-C83F1BA0B3C3}.Release|x86.Build.0 = Release|x86
		{4C8A80FC-8880-4384-BE96-699512670CD2}.Debug|x86.ActiveCfg = Debug|x86
		{4C8A80FC-8880-4384-BE96-699512670CD2}.Debug|x86.Build.0 = Debug|x86
		{4C8A80FC-8880-4384-BE96-699512670CD2}.Release|x86.ActiveCfg = Release|x86
		{4C8A80FC-8880-4384-BE96-699512670CD2}.Release|x86.Build.0 = Release|x86
		{B9D7D44D-E405-48A8-A505-304026348852}.Debug|x86.ActiveCfg = Debug|x86
		{B9D7D44D-E405-48A8-A505-304026348852}.Debug|x86.Build.0 = Debug|x86
		{B9D7D44D-E405-48A8-A505-304026348852}.Release|x86.ActiveCfg = Release|x86
		{B9D7D44D-E405-48A8-A505-304026348852}.Release|x86.Build.0 = Release|x86
	EndGlobalSection
	GlobalSection(SolutionProperties) = preSolution
		HideSolutionNode = FALSE
	EndGlobalSection
EndGlobal
