
Microsoft Visual Studio Solution File, Format Version 11.00
# Visual Studio 2010
Project("{FAE04EC0-301F-11D3-BF4B-00C04F79EFBC}") = "01. CalculateAverage", "CalculateAverage\01. CalculateAverage.csproj", "{57468958-6ABD-42BF-9246-1ECF08EB62AA}"
EndProject
Project("{FAE04EC0-301F-11D3-BF4B-00C04F79EFBC}") = "02. StackReverseNumbers", "StackReverseNumbers\02. StackReverseNumbers.csproj", "{3B24ECC9-563F-42FF-8830-964A81664EDF}"
EndProject
Project("{FAE04EC0-301F-11D3-BF4B-00C04F79EFBC}") = "03. IncreasingOrder", "IncreasingOrder\03. IncreasingOrder.csproj", "{F7C88FE5-CCA8-4EAC-827A-2D81EBCBA0B3}"
EndProject
Project("{FAE04EC0-301F-11D3-BF4B-00C04F79EFBC}") = "04. LongestEqualSubsequence", "LongestEqualSubsequence\04. LongestEqualSubsequence.csproj", "{C4FA9E4A-37ED-4E3B-8C8F-FBE03E948F73}"
EndProject
Project("{FAE04EC0-301F-11D3-BF4B-00C04F79EFBC}") = "05. RemoveNegative", "RemoveNegative\05. RemoveNegative.csproj", "{A6C45CCF-9A55-4844-A885-AEC8B3FDD374}"
EndProject
Project("{FAE04EC0-301F-11D3-BF4B-00C04F79EFBC}") = "06. RemoveOddOccurance", "RemoveOddOccurance\06. RemoveOddOccurance.csproj", "{7F578555-75DC-4C35-AC19-4AF815B8E5BE}"
EndProject
Project("{FAE04EC0-301F-11D3-BF4B-00C04F79EFBC}") = "07. CountOccurance", "CountOccurance\07. CountOccurance.csproj", "{941EE95B-E0FE-4148-A164-22447E1549E9}"
EndProject
Project("{FAE04EC0-301F-11D3-BF4B-00C04F79EFBC}") = "08. Majorant", "Majorant\08. Majorant.csproj", "{F463BE01-1EAE-4EF0-9F4C-046508254A70}"
EndProject
Project("{FAE04EC0-301F-11D3-BF4B-00C04F79EFBC}") = "09. SequenceQueue", "SequenceQueue\09. SequenceQueue.csproj", "{B8B5C84F-C327-48F0-A2E9-17516FF09C01}"
EndProject
Project("{2150E333-8FDC-42A3-9474-1A3956D46DE8}") = "Solution Items", "Solution Items", "{73D9FCF6-C4E3-4CF9-9A66-C7981AAC34DD}"
	ProjectSection(SolutionItems) = preProject
		LinearDataStructures.vsmdi = LinearDataStructures.vsmdi
		Local.testsettings = Local.testsettings
		TraceAndTestImpact.testsettings = TraceAndTestImpact.testsettings
	EndProjectSection
EndProject
Project("{FAE04EC0-301F-11D3-BF4B-00C04F79EFBC}") = "10. QueueShortestSeq", "QueueShortestSeq\10. QueueShortestSeq.csproj", "{1F7FBD36-19FC-4BBC-89F6-4B7B1959C872}"
EndProject
Project("{FAE04EC0-301F-11D3-BF4B-00C04F79EFBC}") = "11. StudentQueue", "StudentQueue\11. StudentQueue.csproj", "{3F6DAB0B-E4F9-4E49-9F69-3EC56BB71205}"
EndProject
Project("{FAE04EC0-301F-11D3-BF4B-00C04F79EFBC}") = "12. LinkedList", "LinkedList\12. LinkedList.csproj", "{5D31B1D7-B56A-4DBF-9919-210D832BE81E}"
EndProject
Project("{FAE04EC0-301F-11D3-BF4B-00C04F79EFBC}") = "13. ADT.Stack", "ADT.Stack\13. ADT.Stack.csproj", "{01EB215B-6447-4D96-AEB8-9E393A7E70CB}"
EndProject
Project("{FAE04EC0-301F-11D3-BF4B-00C04F79EFBC}") = "14. ADT.Queue", "ADT.Queue\14. ADT.Queue.csproj", "{32B75383-FC45-4DA2-8AEB-C57CCE4C5E7E}"
EndProject
Project("{FAE04EC0-301F-11D3-BF4B-00C04F79EFBC}") = "15. Labyrinth", "Labyrinth\15. Labyrinth.csproj", "{5BE4F937-3148-4E99-9C58-58AB6DEDA536}"
EndProject
Global
	GlobalSection(TestCaseManagementSettings) = postSolution
		CategoryFile = LinearDataStructures.vsmdi
	EndGlobalSection
	GlobalSection(SolutionConfigurationPlatforms) = preSolution
		Debug|Any CPU = Debug|Any CPU
		Debug|Mixed Platforms = Debug|Mixed Platforms
		Debug|x86 = Debug|x86
		Release|Any CPU = Release|Any CPU
		Release|Mixed Platforms = Release|Mixed Platforms
		Release|x86 = Release|x86
	EndGlobalSection
	GlobalSection(ProjectConfigurationPlatforms) = postSolution
		{57468958-6ABD-42BF-9246-1ECF08EB62AA}.Debug|Any CPU.ActiveCfg = Debug|x86
		{57468958-6ABD-42BF-9246-1ECF08EB62AA}.Debug|Mixed Platforms.ActiveCfg = Debug|x86
		{57468958-6ABD-42BF-9246-1ECF08EB62AA}.Debug|Mixed Platforms.Build.0 = Debug|x86
		{57468958-6ABD-42BF-9246-1ECF08EB62AA}.Debug|x86.ActiveCfg = Debug|x86
		{57468958-6ABD-42BF-9246-1ECF08EB62AA}.Debug|x86.Build.0 = Debug|x86
		{57468958-6ABD-42BF-9246-1ECF08EB62AA}.Release|Any CPU.ActiveCfg = Release|x86
		{57468958-6ABD-42BF-9246-1ECF08EB62AA}.Release|Mixed Platforms.ActiveCfg = Release|x86
		{57468958-6ABD-42BF-9246-1ECF08EB62AA}.Release|Mixed Platforms.Build.0 = Release|x86
		{57468958-6ABD-42BF-9246-1ECF08EB62AA}.Release|x86.ActiveCfg = Release|x86
		{57468958-6ABD-42BF-9246-1ECF08EB62AA}.Release|x86.Build.0 = Release|x86
		{3B24ECC9-563F-42FF-8830-964A81664EDF}.Debug|Any CPU.ActiveCfg = Debug|x86
		{3B24ECC9-563F-42FF-8830-964A81664EDF}.Debug|Mixed Platforms.ActiveCfg = Debug|x86
		{3B24ECC9-563F-42FF-8830-964A81664EDF}.Debug|Mixed Platforms.Build.0 = Debug|x86
		{3B24ECC9-563F-42FF-8830-964A81664EDF}.Debug|x86.ActiveCfg = Debug|x86
		{3B24ECC9-563F-42FF-8830-964A81664EDF}.Debug|x86.Build.0 = Debug|x86
		{3B24ECC9-563F-42FF-8830-964A81664EDF}.Release|Any CPU.ActiveCfg = Release|x86
		{3B24ECC9-563F-42FF-8830-964A81664EDF}.Release|Mixed Platforms.ActiveCfg = Release|x86
		{3B24ECC9-563F-42FF-8830-964A81664EDF}.Release|Mixed Platforms.Build.0 = Release|x86
		{3B24ECC9-563F-42FF-8830-964A81664EDF}.Release|x86.ActiveCfg = Release|x86
		{3B24ECC9-563F-42FF-8830-964A81664EDF}.Release|x86.Build.0 = Release|x86
		{F7C88FE5-CCA8-4EAC-827A-2D81EBCBA0B3}.Debug|Any CPU.ActiveCfg = Debug|x86
		{F7C88FE5-CCA8-4EAC-827A-2D81EBCBA0B3}.Debug|Mixed Platforms.ActiveCfg = Debug|x86
		{F7C88FE5-CCA8-4EAC-827A-2D81EBCBA0B3}.Debug|Mixed Platforms.Build.0 = Debug|x86
		{F7C88FE5-CCA8-4EAC-827A-2D81EBCBA0B3}.Debug|x86.ActiveCfg = Debug|x86
		{F7C88FE5-CCA8-4EAC-827A-2D81EBCBA0B3}.Debug|x86.Build.0 = Debug|x86
		{F7C88FE5-CCA8-4EAC-827A-2D81EBCBA0B3}.Release|Any CPU.ActiveCfg = Release|x86
		{F7C88FE5-CCA8-4EAC-827A-2D81EBCBA0B3}.Release|Mixed Platforms.ActiveCfg = Release|x86
		{F7C88FE5-CCA8-4EAC-827A-2D81EBCBA0B3}.Release|Mixed Platforms.Build.0 = Release|x86
		{F7C88FE5-CCA8-4EAC-827A-2D81EBCBA0B3}.Release|x86.ActiveCfg = Release|x86
		{F7C88FE5-CCA8-4EAC-827A-2D81EBCBA0B3}.Release|x86.Build.0 = Release|x86
		{C4FA9E4A-37ED-4E3B-8C8F-FBE03E948F73}.Debug|Any CPU.ActiveCfg = Debug|x86
		{C4FA9E4A-37ED-4E3B-8C8F-FBE03E948F73}.Debug|Mixed Platforms.ActiveCfg = Debug|x86
		{C4FA9E4A-37ED-4E3B-8C8F-FBE03E948F73}.Debug|Mixed Platforms.Build.0 = Debug|x86
		{C4FA9E4A-37ED-4E3B-8C8F-FBE03E948F73}.Debug|x86.ActiveCfg = Debug|x86
		{C4FA9E4A-37ED-4E3B-8C8F-FBE03E948F73}.Debug|x86.Build.0 = Debug|x86
		{C4FA9E4A-37ED-4E3B-8C8F-FBE03E948F73}.Release|Any CPU.ActiveCfg = Release|x86
		{C4FA9E4A-37ED-4E3B-8C8F-FBE03E948F73}.Release|Mixed Platforms.ActiveCfg = Release|x86
		{C4FA9E4A-37ED-4E3B-8C8F-FBE03E948F73}.Release|Mixed Platforms.Build.0 = Release|x86
		{C4FA9E4A-37ED-4E3B-8C8F-FBE03E948F73}.Release|x86.ActiveCfg = Release|x86
		{C4FA9E4A-37ED-4E3B-8C8F-FBE03E948F73}.Release|x86.Build.0 = Release|x86
		{A6C45CCF-9A55-4844-A885-AEC8B3FDD374}.Debug|Any CPU.ActiveCfg = Debug|x86
		{A6C45CCF-9A55-4844-A885-AEC8B3FDD374}.Debug|Mixed Platforms.ActiveCfg = Debug|x86
		{A6C45CCF-9A55-4844-A885-AEC8B3FDD374}.Debug|Mixed Platforms.Build.0 = Debug|x86
		{A6C45CCF-9A55-4844-A885-AEC8B3FDD374}.Debug|x86.ActiveCfg = Debug|x86
		{A6C45CCF-9A55-4844-A885-AEC8B3FDD374}.Debug|x86.Build.0 = Debug|x86
		{A6C45CCF-9A55-4844-A885-AEC8B3FDD374}.Release|Any CPU.ActiveCfg = Release|x86
		{A6C45CCF-9A55-4844-A885-AEC8B3FDD374}.Release|Mixed Platforms.ActiveCfg = Release|x86
		{A6C45CCF-9A55-4844-A885-AEC8B3FDD374}.Release|Mixed Platforms.Build.0 = Release|x86
		{A6C45CCF-9A55-4844-A885-AEC8B3FDD374}.Release|x86.ActiveCfg = Release|x86
		{A6C45CCF-9A55-4844-A885-AEC8B3FDD374}.Release|x86.Build.0 = Release|x86
		{7F578555-75DC-4C35-AC19-4AF815B8E5BE}.Debug|Any CPU.ActiveCfg = Debug|x86
		{7F578555-75DC-4C35-AC19-4AF815B8E5BE}.Debug|Mixed Platforms.ActiveCfg = Debug|x86
		{7F578555-75DC-4C35-AC19-4AF815B8E5BE}.Debug|Mixed Platforms.Build.0 = Debug|x86
		{7F578555-75DC-4C35-AC19-4AF815B8E5BE}.Debug|x86.ActiveCfg = Debug|x86
		{7F578555-75DC-4C35-AC19-4AF815B8E5BE}.Debug|x86.Build.0 = Debug|x86
		{7F578555-75DC-4C35-AC19-4AF815B8E5BE}.Release|Any CPU.ActiveCfg = Release|x86
		{7F578555-75DC-4C35-AC19-4AF815B8E5BE}.Release|Mixed Platforms.ActiveCfg = Release|x86
		{7F578555-75DC-4C35-AC19-4AF815B8E5BE}.Release|Mixed Platforms.Build.0 = Release|x86
		{7F578555-75DC-4C35-AC19-4AF815B8E5BE}.Release|x86.ActiveCfg = Release|x86
		{7F578555-75DC-4C35-AC19-4AF815B8E5BE}.Release|x86.Build.0 = Release|x86
		{941EE95B-E0FE-4148-A164-22447E1549E9}.Debug|Any CPU.ActiveCfg = Debug|x86
		{941EE95B-E0FE-4148-A164-22447E1549E9}.Debug|Mixed Platforms.ActiveCfg = Debug|x86
		{941EE95B-E0FE-4148-A164-22447E1549E9}.Debug|Mixed Platforms.Build.0 = Debug|x86
		{941EE95B-E0FE-4148-A164-22447E1549E9}.Debug|x86.ActiveCfg = Debug|x86
		{941EE95B-E0FE-4148-A164-22447E1549E9}.Debug|x86.Build.0 = Debug|x86
		{941EE95B-E0FE-4148-A164-22447E1549E9}.Release|Any CPU.ActiveCfg = Release|x86
		{941EE95B-E0FE-4148-A164-22447E1549E9}.Release|Mixed Platforms.ActiveCfg = Release|x86
		{941EE95B-E0FE-4148-A164-22447E1549E9}.Release|Mixed Platforms.Build.0 = Release|x86
		{941EE95B-E0FE-4148-A164-22447E1549E9}.Release|x86.ActiveCfg = Release|x86
		{941EE95B-E0FE-4148-A164-22447E1549E9}.Release|x86.Build.0 = Release|x86
		{F463BE01-1EAE-4EF0-9F4C-046508254A70}.Debug|Any CPU.ActiveCfg = Debug|x86
		{F463BE01-1EAE-4EF0-9F4C-046508254A70}.Debug|Mixed Platforms.ActiveCfg = Debug|x86
		{F463BE01-1EAE-4EF0-9F4C-046508254A70}.Debug|Mixed Platforms.Build.0 = Debug|x86
		{F463BE01-1EAE-4EF0-9F4C-046508254A70}.Debug|x86.ActiveCfg = Debug|x86
		{F463BE01-1EAE-4EF0-9F4C-046508254A70}.Debug|x86.Build.0 = Debug|x86
		{F463BE01-1EAE-4EF0-9F4C-046508254A70}.Release|Any CPU.ActiveCfg = Release|x86
		{F463BE01-1EAE-4EF0-9F4C-046508254A70}.Release|Mixed Platforms.ActiveCfg = Release|x86
		{F463BE01-1EAE-4EF0-9F4C-046508254A70}.Release|Mixed Platforms.Build.0 = Release|x86
		{F463BE01-1EAE-4EF0-9F4C-046508254A70}.Release|x86.ActiveCfg = Release|x86
		{F463BE01-1EAE-4EF0-9F4C-046508254A70}.Release|x86.Build.0 = Release|x86
		{B8B5C84F-C327-48F0-A2E9-17516FF09C01}.Debug|Any CPU.ActiveCfg = Debug|x86
		{B8B5C84F-C327-48F0-A2E9-17516FF09C01}.Debug|Mixed Platforms.ActiveCfg = Debug|x86
		{B8B5C84F-C327-48F0-A2E9-17516FF09C01}.Debug|Mixed Platforms.Build.0 = Debug|x86
		{B8B5C84F-C327-48F0-A2E9-17516FF09C01}.Debug|x86.ActiveCfg = Debug|x86
		{B8B5C84F-C327-48F0-A2E9-17516FF09C01}.Debug|x86.Build.0 = Debug|x86
		{B8B5C84F-C327-48F0-A2E9-17516FF09C01}.Release|Any CPU.ActiveCfg = Release|x86
		{B8B5C84F-C327-48F0-A2E9-17516FF09C01}.Release|Mixed Platforms.ActiveCfg = Release|x86
		{B8B5C84F-C327-48F0-A2E9-17516FF09C01}.Release|Mixed Platforms.Build.0 = Release|x86
		{B8B5C84F-C327-48F0-A2E9-17516FF09C01}.Release|x86.ActiveCfg = Release|x86
		{B8B5C84F-C327-48F0-A2E9-17516FF09C01}.Release|x86.Build.0 = Release|x86
		{1F7FBD36-19FC-4BBC-89F6-4B7B1959C872}.Debug|Any CPU.ActiveCfg = Debug|x86
		{1F7FBD36-19FC-4BBC-89F6-4B7B1959C872}.Debug|Mixed Platforms.ActiveCfg = Debug|x86
		{1F7FBD36-19FC-4BBC-89F6-4B7B1959C872}.Debug|Mixed Platforms.Build.0 = Debug|x86
		{1F7FBD36-19FC-4BBC-89F6-4B7B1959C872}.Debug|x86.ActiveCfg = Debug|x86
		{1F7FBD36-19FC-4BBC-89F6-4B7B1959C872}.Debug|x86.Build.0 = Debug|x86
		{1F7FBD36-19FC-4BBC-89F6-4B7B1959C872}.Release|Any CPU.ActiveCfg = Release|x86
		{1F7FBD36-19FC-4BBC-89F6-4B7B1959C872}.Release|Mixed Platforms.ActiveCfg = Release|x86
		{1F7FBD36-19FC-4BBC-89F6-4B7B1959C872}.Release|Mixed Platforms.Build.0 = Release|x86
		{1F7FBD36-19FC-4BBC-89F6-4B7B1959C872}.Release|x86.ActiveCfg = Release|x86
		{1F7FBD36-19FC-4BBC-89F6-4B7B1959C872}.Release|x86.Build.0 = Release|x86
		{3F6DAB0B-E4F9-4E49-9F69-3EC56BB71205}.Debug|Any CPU.ActiveCfg = Debug|x86
		{3F6DAB0B-E4F9-4E49-9F69-3EC56BB71205}.Debug|Mixed Platforms.ActiveCfg = Debug|x86
		{3F6DAB0B-E4F9-4E49-9F69-3EC56BB71205}.Debug|Mixed Platforms.Build.0 = Debug|x86
		{3F6DAB0B-E4F9-4E49-9F69-3EC56BB71205}.Debug|x86.ActiveCfg = Debug|x86
		{3F6DAB0B-E4F9-4E49-9F69-3EC56BB71205}.Debug|x86.Build.0 = Debug|x86
		{3F6DAB0B-E4F9-4E49-9F69-3EC56BB71205}.Release|Any CPU.ActiveCfg = Release|x86
		{3F6DAB0B-E4F9-4E49-9F69-3EC56BB71205}.Release|Mixed Platforms.ActiveCfg = Release|x86
		{3F6DAB0B-E4F9-4E49-9F69-3EC56BB71205}.Release|Mixed Platforms.Build.0 = Release|x86
		{3F6DAB0B-E4F9-4E49-9F69-3EC56BB71205}.Release|x86.ActiveCfg = Release|x86
		{3F6DAB0B-E4F9-4E49-9F69-3EC56BB71205}.Release|x86.Build.0 = Release|x86
		{5D31B1D7-B56A-4DBF-9919-210D832BE81E}.Debug|Any CPU.ActiveCfg = Debug|x86
		{5D31B1D7-B56A-4DBF-9919-210D832BE81E}.Debug|Mixed Platforms.ActiveCfg = Debug|x86
		{5D31B1D7-B56A-4DBF-9919-210D832BE81E}.Debug|Mixed Platforms.Build.0 = Debug|x86
		{5D31B1D7-B56A-4DBF-9919-210D832BE81E}.Debug|x86.ActiveCfg = Debug|x86
		{5D31B1D7-B56A-4DBF-9919-210D832BE81E}.Debug|x86.Build.0 = Debug|x86
		{5D31B1D7-B56A-4DBF-9919-210D832BE81E}.Release|Any CPU.ActiveCfg = Release|x86
		{5D31B1D7-B56A-4DBF-9919-210D832BE81E}.Release|Mixed Platforms.ActiveCfg = Release|x86
		{5D31B1D7-B56A-4DBF-9919-210D832BE81E}.Release|Mixed Platforms.Build.0 = Release|x86
		{5D31B1D7-B56A-4DBF-9919-210D832BE81E}.Release|x86.ActiveCfg = Release|x86
		{5D31B1D7-B56A-4DBF-9919-210D832BE81E}.Release|x86.Build.0 = Release|x86
		{01EB215B-6447-4D96-AEB8-9E393A7E70CB}.Debug|Any CPU.ActiveCfg = Debug|x86
		{01EB215B-6447-4D96-AEB8-9E393A7E70CB}.Debug|Mixed Platforms.ActiveCfg = Debug|x86
		{01EB215B-6447-4D96-AEB8-9E393A7E70CB}.Debug|Mixed Platforms.Build.0 = Debug|x86
		{01EB215B-6447-4D96-AEB8-9E393A7E70CB}.Debug|x86.ActiveCfg = Debug|x86
		{01EB215B-6447-4D96-AEB8-9E393A7E70CB}.Debug|x86.Build.0 = Debug|x86
		{01EB215B-6447-4D96-AEB8-9E393A7E70CB}.Release|Any CPU.ActiveCfg = Release|x86
		{01EB215B-6447-4D96-AEB8-9E393A7E70CB}.Release|Mixed Platforms.ActiveCfg = Release|x86
		{01EB215B-6447-4D96-AEB8-9E393A7E70CB}.Release|Mixed Platforms.Build.0 = Release|x86
		{01EB215B-6447-4D96-AEB8-9E393A7E70CB}.Release|x86.ActiveCfg = Release|x86
		{01EB215B-6447-4D96-AEB8-9E393A7E70CB}.Release|x86.Build.0 = Release|x86
		{32B75383-FC45-4DA2-8AEB-C57CCE4C5E7E}.Debug|Any CPU.ActiveCfg = Debug|x86
		{32B75383-FC45-4DA2-8AEB-C57CCE4C5E7E}.Debug|Mixed Platforms.ActiveCfg = Debug|x86
		{32B75383-FC45-4DA2-8AEB-C57CCE4C5E7E}.Debug|Mixed Platforms.Build.0 = Debug|x86
		{32B75383-FC45-4DA2-8AEB-C57CCE4C5E7E}.Debug|x86.ActiveCfg = Debug|x86
		{32B75383-FC45-4DA2-8AEB-C57CCE4C5E7E}.Debug|x86.Build.0 = Debug|x86
		{32B75383-FC45-4DA2-8AEB-C57CCE4C5E7E}.Release|Any CPU.ActiveCfg = Release|x86
		{32B75383-FC45-4DA2-8AEB-C57CCE4C5E7E}.Release|Mixed Platforms.ActiveCfg = Release|x86
		{32B75383-FC45-4DA2-8AEB-C57CCE4C5E7E}.Release|Mixed Platforms.Build.0 = Release|x86
		{32B75383-FC45-4DA2-8AEB-C57CCE4C5E7E}.Release|x86.ActiveCfg = Release|x86
		{32B75383-FC45-4DA2-8AEB-C57CCE4C5E7E}.Release|x86.Build.0 = Release|x86
		{5BE4F937-3148-4E99-9C58-58AB6DEDA536}.Debug|Any CPU.ActiveCfg = Debug|x86
		{5BE4F937-3148-4E99-9C58-58AB6DEDA536}.Debug|Mixed Platforms.ActiveCfg = Debug|x86
		{5BE4F937-3148-4E99-9C58-58AB6DEDA536}.Debug|Mixed Platforms.Build.0 = Debug|x86
		{5BE4F937-3148-4E99-9C58-58AB6DEDA536}.Debug|x86.ActiveCfg = Debug|x86
		{5BE4F937-3148-4E99-9C58-58AB6DEDA536}.Debug|x86.Build.0 = Debug|x86
		{5BE4F937-3148-4E99-9C58-58AB6DEDA536}.Release|Any CPU.ActiveCfg = Release|x86
		{5BE4F937-3148-4E99-9C58-58AB6DEDA536}.Release|Mixed Platforms.ActiveCfg = Release|x86
		{5BE4F937-3148-4E99-9C58-58AB6DEDA536}.Release|Mixed Platforms.Build.0 = Release|x86
		{5BE4F937-3148-4E99-9C58-58AB6DEDA536}.Release|x86.ActiveCfg = Release|x86
		{5BE4F937-3148-4E99-9C58-58AB6DEDA536}.Release|x86.Build.0 = Release|x86
	EndGlobalSection
	GlobalSection(SolutionProperties) = preSolution
		HideSolutionNode = FALSE
	EndGlobalSection
EndGlobal
