
Microsoft Visual Studio Solution File, Format Version 11.00
# Visual Studio 2010
Project("{FAE04EC0-301F-11D3-BF4B-00C04F79EFBC}") = "Task01", "Task01\Task01.csproj", "{9C4C7E01-DD4F-49C8-B38C-BEF2B68A7D18}"
EndProject
Project("{FAE04EC0-301F-11D3-BF4B-00C04F79EFBC}") = "Task02", "Task02\Task02.csproj", "{1BA1D6A9-48EC-4352-9315-CDFCCA499039}"
EndProject
Project("{FAE04EC0-301F-11D3-BF4B-00C04F79EFBC}") = "Task03", "Task03\Task03.csproj", "{D6D08F27-3B98-4F5B-9B67-6F82763BD070}"
EndProject
Project("{FAE04EC0-301F-11D3-BF4B-00C04F79EFBC}") = "Task04", "Task04\Task04.csproj", "{BB4FA834-6C50-4A88-AED2-C501A60AEA31}"
EndProject
Project("{FAE04EC0-301F-11D3-BF4B-00C04F79EFBC}") = "Task05", "Task05\Task05.csproj", "{7EC5511C-F9C9-40E6-9A18-A1DA945980D7}"
EndProject
Project("{FAE04EC0-301F-11D3-BF4B-00C04F79EFBC}") = "Task06", "Task06\Task06.csproj", "{3ABC303C-3ACA-428C-8D7F-7EED5EF14E36}"
EndProject
Project("{FAE04EC0-301F-11D3-BF4B-00C04F79EFBC}") = "Task07", "Task07\Task07.csproj", "{B3F4A96E-A7C7-4376-B058-E3013FF3B74B}"
EndProject
Project("{FAE04EC0-301F-11D3-BF4B-00C04F79EFBC}") = "Task08", "Task08\Task08.csproj", "{3C76C852-CE67-48B0-850B-7BA1E7423CC4}"
EndProject
Project("{FAE04EC0-301F-11D3-BF4B-00C04F79EFBC}") = "Task09", "Task09\Task09.csproj", "{51AF2774-6ED7-4B54-A7A2-C02759BDEC2E}"
EndProject
Project("{FAE04EC0-301F-11D3-BF4B-00C04F79EFBC}") = "Task10", "Task10\Task10.csproj", "{31EFD340-6DA2-4C77-BF72-39929EFC38AF}"
EndProject
Project("{FAE04EC0-301F-11D3-BF4B-00C04F79EFBC}") = "Task11", "Task11\Task11.csproj", "{D0CB80FB-771B-4CD7-9915-50C087568AC3}"
EndProject
Project("{FAE04EC0-301F-11D3-BF4B-00C04F79EFBC}") = "Task12", "Task12\Task12.csproj", "{A55B7BB1-7D63-490E-B5B5-426F3FE440D7}"
EndProject
Project("{FAE04EC0-301F-11D3-BF4B-00C04F79EFBC}") = "Task13", "Task13\Task13.csproj", "{D57E2190-4A39-4838-9676-78F58A8C836E}"
EndProject
Project("{FAE04EC0-301F-11D3-BF4B-00C04F79EFBC}") = "Task14", "Task14\Task14.csproj", "{D1B1D997-A1D5-4D66-A2B7-F949752722EE}"
EndProject
Global
	GlobalSection(SolutionConfigurationPlatforms) = preSolution
		Debug|x86 = Debug|x86
		Release|x86 = Release|x86
	EndGlobalSection
	GlobalSection(ProjectConfigurationPlatforms) = postSolution
		{9C4C7E01-DD4F-49C8-B38C-BEF2B68A7D18}.Debug|x86.ActiveCfg = Debug|x86
		{9C4C7E01-DD4F-49C8-B38C-BEF2B68A7D18}.Debug|x86.Build.0 = Debug|x86
		{9C4C7E01-DD4F-49C8-B38C-BEF2B68A7D18}.Release|x86.ActiveCfg = Release|x86
		{9C4C7E01-DD4F-49C8-B38C-BEF2B68A7D18}.Release|x86.Build.0 = Release|x86
		{1BA1D6A9-48EC-4352-9315-CDFCCA499039}.Debug|x86.ActiveCfg = Debug|x86
		{1BA1D6A9-48EC-4352-9315-CDFCCA499039}.Debug|x86.Build.0 = Debug|x86
		{1BA1D6A9-48EC-4352-9315-CDFCCA499039}.Release|x86.ActiveCfg = Release|x86
		{1BA1D6A9-48EC-4352-9315-CDFCCA499039}.Release|x86.Build.0 = Release|x86
		{D6D08F27-3B98-4F5B-9B67-6F82763BD070}.Debug|x86.ActiveCfg = Debug|x86
		{D6D08F27-3B98-4F5B-9B67-6F82763BD070}.Debug|x86.Build.0 = Debug|x86
		{D6D08F27-3B98-4F5B-9B67-6F82763BD070}.Release|x86.ActiveCfg = Release|x86
		{D6D08F27-3B98-4F5B-9B67-6F82763BD070}.Release|x86.Build.0 = Release|x86
		{BB4FA834-6C50-4A88-AED2-C501A60AEA31}.Debug|x86.ActiveCfg = Debug|x86
		{BB4FA834-6C50-4A88-AED2-C501A60AEA31}.Debug|x86.Build.0 = Debug|x86
		{BB4FA834-6C50-4A88-AED2-C501A60AEA31}.Release|x86.ActiveCfg = Release|x86
		{BB4FA834-6C50-4A88-AED2-C501A60AEA31}.Release|x86.Build.0 = Release|x86
		{7EC5511C-F9C9-40E6-9A18-A1DA945980D7}.Debug|x86.ActiveCfg = Debug|x86
		{7EC5511C-F9C9-40E6-9A18-A1DA945980D7}.Debug|x86.Build.0 = Debug|x86
		{7EC5511C-F9C9-40E6-9A18-A1DA945980D7}.Release|x86.ActiveCfg = Release|x86
		{7EC5511C-F9C9-40E6-9A18-A1DA945980D7}.Release|x86.Build.0 = Release|x86
		{3ABC303C-3ACA-428C-8D7F-7EED5EF14E36}.Debug|x86.ActiveCfg = Debug|x86
		{3ABC303C-3ACA-428C-8D7F-7EED5EF14E36}.Debug|x86.Build.0 = Debug|x86
		{3ABC303C-3ACA-428C-8D7F-7EED5EF14E36}.Release|x86.ActiveCfg = Release|x86
		{3ABC303C-3ACA-428C-8D7F-7EED5EF14E36}.Release|x86.Build.0 = Release|x86
		{B3F4A96E-A7C7-4376-B058-E3013FF3B74B}.Debug|x86.ActiveCfg = Debug|x86
		{B3F4A96E-A7C7-4376-B058-E3013FF3B74B}.Debug|x86.Build.0 = Debug|x86
		{B3F4A96E-A7C7-4376-B058-E3013FF3B74B}.Release|x86.ActiveCfg = Release|x86
		{B3F4A96E-A7C7-4376-B058-E3013FF3B74B}.Release|x86.Build.0 = Release|x86
		{3C76C852-CE67-48B0-850B-7BA1E7423CC4}.Debug|x86.ActiveCfg = Debug|x86
		{3C76C852-CE67-48B0-850B-7BA1E7423CC4}.Debug|x86.Build.0 = Debug|x86
		{3C76C852-CE67-48B0-850B-7BA1E7423CC4}.Release|x86.ActiveCfg = Release|x86
		{3C76C852-CE67-48B0-850B-7BA1E7423CC4}.Release|x86.Build.0 = Release|x86
		{51AF2774-6ED7-4B54-A7A2-C02759BDEC2E}.Debug|x86.ActiveCfg = Debug|x86
		{51AF2774-6ED7-4B54-A7A2-C02759BDEC2E}.Debug|x86.Build.0 = Debug|x86
		{51AF2774-6ED7-4B54-A7A2-C02759BDEC2E}.Release|x86.ActiveCfg = Release|x86
		{51AF2774-6ED7-4B54-A7A2-C02759BDEC2E}.Release|x86.Build.0 = Release|x86
		{31EFD340-6DA2-4C77-BF72-39929EFC38AF}.Debug|x86.ActiveCfg = Debug|x86
		{31EFD340-6DA2-4C77-BF72-39929EFC38AF}.Debug|x86.Build.0 = Debug|x86
		{31EFD340-6DA2-4C77-BF72-39929EFC38AF}.Release|x86.ActiveCfg = Release|x86
		{31EFD340-6DA2-4C77-BF72-39929EFC38AF}.Release|x86.Build.0 = Release|x86
		{D0CB80FB-771B-4CD7-9915-50C087568AC3}.Debug|x86.ActiveCfg = Debug|x86
		{D0CB80FB-771B-4CD7-9915-50C087568AC3}.Debug|x86.Build.0 = Debug|x86
		{D0CB80FB-771B-4CD7-9915-50C087568AC3}.Release|x86.ActiveCfg = Release|x86
		{D0CB80FB-771B-4CD7-9915-50C087568AC3}.Release|x86.Build.0 = Release|x86
		{A55B7BB1-7D63-490E-B5B5-426F3FE440D7}.Debug|x86.ActiveCfg = Debug|x86
		{A55B7BB1-7D63-490E-B5B5-426F3FE440D7}.Debug|x86.Build.0 = Debug|x86
		{A55B7BB1-7D63-490E-B5B5-426F3FE440D7}.Release|x86.ActiveCfg = Release|x86
		{A55B7BB1-7D63-490E-B5B5-426F3FE440D7}.Release|x86.Build.0 = Release|x86
		{D57E2190-4A39-4838-9676-78F58A8C836E}.Debug|x86.ActiveCfg = Debug|x86
		{D57E2190-4A39-4838-9676-78F58A8C836E}.Debug|x86.Build.0 = Debug|x86
		{D57E2190-4A39-4838-9676-78F58A8C836E}.Release|x86.ActiveCfg = Release|x86
		{D57E2190-4A39-4838-9676-78F58A8C836E}.Release|x86.Build.0 = Release|x86
		{D1B1D997-A1D5-4D66-A2B7-F949752722EE}.Debug|x86.ActiveCfg = Debug|x86
		{D1B1D997-A1D5-4D66-A2B7-F949752722EE}.Debug|x86.Build.0 = Debug|x86
		{D1B1D997-A1D5-4D66-A2B7-F949752722EE}.Release|x86.ActiveCfg = Release|x86
		{D1B1D997-A1D5-4D66-A2B7-F949752722EE}.Release|x86.Build.0 = Release|x86
	EndGlobalSection
	GlobalSection(SolutionProperties) = preSolution
		HideSolutionNode = FALSE
	EndGlobalSection
EndGlobal
