
Microsoft Visual Studio Solution File, Format Version 11.00
# Visual Studio 2010
Project("{FAE04EC0-301F-11D3-BF4B-00C04F79EFBC}") = "Task01", "Task01\Task01.csproj", "{C290E2BC-6FA3-49C7-A998-24AC015EFA99}"
EndProject
Project("{FAE04EC0-301F-11D3-BF4B-00C04F79EFBC}") = "Task02", "Task02\Task02.csproj", "{7E63CB9B-3CB5-42B9-AF27-3E8211F7C869}"
EndProject
Project("{FAE04EC0-301F-11D3-BF4B-00C04F79EFBC}") = "Task03", "Task03\Task03.csproj", "{048E6867-4591-406B-80D6-C9D3C43B796F}"
EndProject
Project("{FAE04EC0-301F-11D3-BF4B-00C04F79EFBC}") = "Task04", "Task04\Task04.csproj", "{7C92BB2D-9C0F-4E70-B72C-7B4730B96A5B}"
EndProject
Project("{FAE04EC0-301F-11D3-BF4B-00C04F79EFBC}") = "Task05", "Task05\Task05.csproj", "{B41EFE74-0D23-4C98-AA8A-64058E41A053}"
EndProject
Project("{FAE04EC0-301F-11D3-BF4B-00C04F79EFBC}") = "Task06", "Task06\Task06.csproj", "{C699CFA9-2DAC-4997-9C3C-73FF6EB90370}"
EndProject
Project("{FAE04EC0-301F-11D3-BF4B-00C04F79EFBC}") = "Task07 [Selection Sort]", "Task07\Task07 [Selection Sort].csproj", "{581C5D86-887C-49F3-B6C8-B7436A4A75A0}"
EndProject
Project("{FAE04EC0-301F-11D3-BF4B-00C04F79EFBC}") = "Task09", "Task09\Task09.csproj", "{AFA75B2F-8168-4494-8D3C-9E388DE04DAE}"
EndProject
Project("{FAE04EC0-301F-11D3-BF4B-00C04F79EFBC}") = "Task10 [subset sequence]", "Task10\Task10 [subset sequence].csproj", "{376FF056-7AA6-4A31-8640-783FAC14DA38}"
EndProject
Project("{FAE04EC0-301F-11D3-BF4B-00C04F79EFBC}") = "Task11 [binary search]", "Task11\Task11 [binary search].csproj", "{AAB91A85-193D-4C01-83FE-A0F5397AE05A}"
EndProject
Project("{FAE04EC0-301F-11D3-BF4B-00C04F79EFBC}") = "Task12 [AlphabetArray]", "Task12\Task12 [AlphabetArray].csproj", "{BBCD87B4-004E-4080-A2FB-954A125F2262}"
EndProject
Project("{FAE04EC0-301F-11D3-BF4B-00C04F79EFBC}") = "Task13 [Merge Sort]", "Task13\Task13 [Merge Sort].csproj", "{ED0E080D-FF4A-4775-BE90-B97A163CF4A8}"
EndProject
Project("{FAE04EC0-301F-11D3-BF4B-00C04F79EFBC}") = "Task14 [QuickSort]", "Task14\Task14 [QuickSort].csproj", "{94B03E3D-3652-4E88-A919-9F3DBA8369B2}"
EndProject
Project("{FAE04EC0-301F-11D3-BF4B-00C04F79EFBC}") = "Task17 [subset K,N,S]", "Task17\Task17 [subset K,N,S].csproj", "{C0189AF6-3294-4554-88BB-0A0F3D94C168}"
EndProject
Project("{FAE04EC0-301F-11D3-BF4B-00C04F79EFBC}") = "Task15 [Primes sieve of Eratosthenes alg]", "Task15\Task15 [Primes sieve of Eratosthenes alg].csproj", "{9A2F13F2-49CB-4372-9DCE-1364E9F7BC3D}"
EndProject
Project("{FAE04EC0-301F-11D3-BF4B-00C04F79EFBC}") = "Task18", "Task18\Task18.csproj", "{1DFFAD8D-F05D-4C6F-8FC3-5061DEFD064A}"
EndProject
Project("{FAE04EC0-301F-11D3-BF4B-00C04F79EFBC}") = "Task20 [All Combinations]", "Task20\Task20 [All Combinations].csproj", "{AE1F887F-0C27-457D-9CF2-1293BF12B851}"
EndProject
Project("{FAE04EC0-301F-11D3-BF4B-00C04F79EFBC}") = "Task21 [CombinationsDistinct]", "Task21\Task21 [CombinationsDistinct].csproj", "{274FB46E-A4CF-4BB3-8C72-D0977525D320}"
EndProject
Project("{FAE04EC0-301F-11D3-BF4B-00C04F79EFBC}") = "Task07.A", "Task07.A\Task07.A.csproj", "{4EE26FBE-B2DD-46E9-B07C-165874BBA2E0}"
EndProject
Project("{FAE04EC0-301F-11D3-BF4B-00C04F79EFBC}") = "Task08", "Task08\Task08.csproj", "{CC1DB7B6-85F1-4C36-9E8C-6191048D5218}"
EndProject
Project("{FAE04EC0-301F-11D3-BF4B-00C04F79EFBC}") = "16. SubSetSum", "SubSetSum\16. SubSetSum.csproj", "{A414CC5E-4DC0-47EF-959C-ACE6C48341C5}"
EndProject
Project("{FAE04EC0-301F-11D3-BF4B-00C04F79EFBC}") = "19. Permutations", "Permutations\19. Permutations.csproj", "{8258A725-A812-43CE-A548-53F40F6C4C2E}"
EndProject
Global
	GlobalSection(SolutionConfigurationPlatforms) = preSolution
		Debug|x86 = Debug|x86
		Release|x86 = Release|x86
	EndGlobalSection
	GlobalSection(ProjectConfigurationPlatforms) = postSolution
		{C290E2BC-6FA3-49C7-A998-24AC015EFA99}.Debug|x86.ActiveCfg = Debug|x86
		{C290E2BC-6FA3-49C7-A998-24AC015EFA99}.Debug|x86.Build.0 = Debug|x86
		{C290E2BC-6FA3-49C7-A998-24AC015EFA99}.Release|x86.ActiveCfg = Release|x86
		{C290E2BC-6FA3-49C7-A998-24AC015EFA99}.Release|x86.Build.0 = Release|x86
		{7E63CB9B-3CB5-42B9-AF27-3E8211F7C869}.Debug|x86.ActiveCfg = Debug|x86
		{7E63CB9B-3CB5-42B9-AF27-3E8211F7C869}.Debug|x86.Build.0 = Debug|x86
		{7E63CB9B-3CB5-42B9-AF27-3E8211F7C869}.Release|x86.ActiveCfg = Release|x86
		{7E63CB9B-3CB5-42B9-AF27-3E8211F7C869}.Release|x86.Build.0 = Release|x86
		{048E6867-4591-406B-80D6-C9D3C43B796F}.Debug|x86.ActiveCfg = Debug|x86
		{048E6867-4591-406B-80D6-C9D3C43B796F}.Debug|x86.Build.0 = Debug|x86
		{048E6867-4591-406B-80D6-C9D3C43B796F}.Release|x86.ActiveCfg = Release|x86
		{048E6867-4591-406B-80D6-C9D3C43B796F}.Release|x86.Build.0 = Release|x86
		{7C92BB2D-9C0F-4E70-B72C-7B4730B96A5B}.Debug|x86.ActiveCfg = Debug|x86
		{7C92BB2D-9C0F-4E70-B72C-7B4730B96A5B}.Debug|x86.Build.0 = Debug|x86
		{7C92BB2D-9C0F-4E70-B72C-7B4730B96A5B}.Release|x86.ActiveCfg = Release|x86
		{7C92BB2D-9C0F-4E70-B72C-7B4730B96A5B}.Release|x86.Build.0 = Release|x86
		{B41EFE74-0D23-4C98-AA8A-64058E41A053}.Debug|x86.ActiveCfg = Debug|x86
		{B41EFE74-0D23-4C98-AA8A-64058E41A053}.Debug|x86.Build.0 = Debug|x86
		{B41EFE74-0D23-4C98-AA8A-64058E41A053}.Release|x86.ActiveCfg = Release|x86
		{B41EFE74-0D23-4C98-AA8A-64058E41A053}.Release|x86.Build.0 = Release|x86
		{C699CFA9-2DAC-4997-9C3C-73FF6EB90370}.Debug|x86.ActiveCfg = Debug|x86
		{C699CFA9-2DAC-4997-9C3C-73FF6EB90370}.Debug|x86.Build.0 = Debug|x86
		{C699CFA9-2DAC-4997-9C3C-73FF6EB90370}.Release|x86.ActiveCfg = Release|x86
		{C699CFA9-2DAC-4997-9C3C-73FF6EB90370}.Release|x86.Build.0 = Release|x86
		{581C5D86-887C-49F3-B6C8-B7436A4A75A0}.Debug|x86.ActiveCfg = Debug|x86
		{581C5D86-887C-49F3-B6C8-B7436A4A75A0}.Debug|x86.Build.0 = Debug|x86
		{581C5D86-887C-49F3-B6C8-B7436A4A75A0}.Release|x86.ActiveCfg = Release|x86
		{581C5D86-887C-49F3-B6C8-B7436A4A75A0}.Release|x86.Build.0 = Release|x86
		{AFA75B2F-8168-4494-8D3C-9E388DE04DAE}.Debug|x86.ActiveCfg = Debug|x86
		{AFA75B2F-8168-4494-8D3C-9E388DE04DAE}.Debug|x86.Build.0 = Debug|x86
		{AFA75B2F-8168-4494-8D3C-9E388DE04DAE}.Release|x86.ActiveCfg = Release|x86
		{AFA75B2F-8168-4494-8D3C-9E388DE04DAE}.Release|x86.Build.0 = Release|x86
		{376FF056-7AA6-4A31-8640-783FAC14DA38}.Debug|x86.ActiveCfg = Debug|x86
		{376FF056-7AA6-4A31-8640-783FAC14DA38}.Debug|x86.Build.0 = Debug|x86
		{376FF056-7AA6-4A31-8640-783FAC14DA38}.Release|x86.ActiveCfg = Release|x86
		{376FF056-7AA6-4A31-8640-783FAC14DA38}.Release|x86.Build.0 = Release|x86
		{AAB91A85-193D-4C01-83FE-A0F5397AE05A}.Debug|x86.ActiveCfg = Debug|x86
		{AAB91A85-193D-4C01-83FE-A0F5397AE05A}.Debug|x86.Build.0 = Debug|x86
		{AAB91A85-193D-4C01-83FE-A0F5397AE05A}.Release|x86.ActiveCfg = Release|x86
		{AAB91A85-193D-4C01-83FE-A0F5397AE05A}.Release|x86.Build.0 = Release|x86
		{BBCD87B4-004E-4080-A2FB-954A125F2262}.Debug|x86.ActiveCfg = Debug|x86
		{BBCD87B4-004E-4080-A2FB-954A125F2262}.Debug|x86.Build.0 = Debug|x86
		{BBCD87B4-004E-4080-A2FB-954A125F2262}.Release|x86.ActiveCfg = Release|x86
		{BBCD87B4-004E-4080-A2FB-954A125F2262}.Release|x86.Build.0 = Release|x86
		{ED0E080D-FF4A-4775-BE90-B97A163CF4A8}.Debug|x86.ActiveCfg = Debug|x86
		{ED0E080D-FF4A-4775-BE90-B97A163CF4A8}.Debug|x86.Build.0 = Debug|x86
		{ED0E080D-FF4A-4775-BE90-B97A163CF4A8}.Release|x86.ActiveCfg = Release|x86
		{ED0E080D-FF4A-4775-BE90-B97A163CF4A8}.Release|x86.Build.0 = Release|x86
		{94B03E3D-3652-4E88-A919-9F3DBA8369B2}.Debug|x86.ActiveCfg = Debug|x86
		{94B03E3D-3652-4E88-A919-9F3DBA8369B2}.Debug|x86.Build.0 = Debug|x86
		{94B03E3D-3652-4E88-A919-9F3DBA8369B2}.Release|x86.ActiveCfg = Release|x86
		{94B03E3D-3652-4E88-A919-9F3DBA8369B2}.Release|x86.Build.0 = Release|x86
		{C0189AF6-3294-4554-88BB-0A0F3D94C168}.Debug|x86.ActiveCfg = Debug|x86
		{C0189AF6-3294-4554-88BB-0A0F3D94C168}.Debug|x86.Build.0 = Debug|x86
		{C0189AF6-3294-4554-88BB-0A0F3D94C168}.Release|x86.ActiveCfg = Release|x86
		{C0189AF6-3294-4554-88BB-0A0F3D94C168}.Release|x86.Build.0 = Release|x86
		{9A2F13F2-49CB-4372-9DCE-1364E9F7BC3D}.Debug|x86.ActiveCfg = Debug|x86
		{9A2F13F2-49CB-4372-9DCE-1364E9F7BC3D}.Debug|x86.Build.0 = Debug|x86
		{9A2F13F2-49CB-4372-9DCE-1364E9F7BC3D}.Release|x86.ActiveCfg = Release|x86
		{9A2F13F2-49CB-4372-9DCE-1364E9F7BC3D}.Release|x86.Build.0 = Release|x86
		{1DFFAD8D-F05D-4C6F-8FC3-5061DEFD064A}.Debug|x86.ActiveCfg = Debug|x86
		{1DFFAD8D-F05D-4C6F-8FC3-5061DEFD064A}.Debug|x86.Build.0 = Debug|x86
		{1DFFAD8D-F05D-4C6F-8FC3-5061DEFD064A}.Release|x86.ActiveCfg = Release|x86
		{1DFFAD8D-F05D-4C6F-8FC3-5061DEFD064A}.Release|x86.Build.0 = Release|x86
		{AE1F887F-0C27-457D-9CF2-1293BF12B851}.Debug|x86.ActiveCfg = Debug|x86
		{AE1F887F-0C27-457D-9CF2-1293BF12B851}.Debug|x86.Build.0 = Debug|x86
		{AE1F887F-0C27-457D-9CF2-1293BF12B851}.Release|x86.ActiveCfg = Release|x86
		{AE1F887F-0C27-457D-9CF2-1293BF12B851}.Release|x86.Build.0 = Release|x86
		{274FB46E-A4CF-4BB3-8C72-D0977525D320}.Debug|x86.ActiveCfg = Debug|x86
		{274FB46E-A4CF-4BB3-8C72-D0977525D320}.Debug|x86.Build.0 = Debug|x86
		{274FB46E-A4CF-4BB3-8C72-D0977525D320}.Release|x86.ActiveCfg = Release|x86
		{274FB46E-A4CF-4BB3-8C72-D0977525D320}.Release|x86.Build.0 = Release|x86
		{4EE26FBE-B2DD-46E9-B07C-165874BBA2E0}.Debug|x86.ActiveCfg = Debug|x86
		{4EE26FBE-B2DD-46E9-B07C-165874BBA2E0}.Debug|x86.Build.0 = Debug|x86
		{4EE26FBE-B2DD-46E9-B07C-165874BBA2E0}.Release|x86.ActiveCfg = Release|x86
		{4EE26FBE-B2DD-46E9-B07C-165874BBA2E0}.Release|x86.Build.0 = Release|x86
		{CC1DB7B6-85F1-4C36-9E8C-6191048D5218}.Debug|x86.ActiveCfg = Debug|x86
		{CC1DB7B6-85F1-4C36-9E8C-6191048D5218}.Debug|x86.Build.0 = Debug|x86
		{CC1DB7B6-85F1-4C36-9E8C-6191048D5218}.Release|x86.ActiveCfg = Release|x86
		{CC1DB7B6-85F1-4C36-9E8C-6191048D5218}.Release|x86.Build.0 = Release|x86
		{A414CC5E-4DC0-47EF-959C-ACE6C48341C5}.Debug|x86.ActiveCfg = Debug|x86
		{A414CC5E-4DC0-47EF-959C-ACE6C48341C5}.Debug|x86.Build.0 = Debug|x86
		{A414CC5E-4DC0-47EF-959C-ACE6C48341C5}.Release|x86.ActiveCfg = Release|x86
		{A414CC5E-4DC0-47EF-959C-ACE6C48341C5}.Release|x86.Build.0 = Release|x86
		{8258A725-A812-43CE-A548-53F40F6C4C2E}.Debug|x86.ActiveCfg = Debug|x86
		{8258A725-A812-43CE-A548-53F40F6C4C2E}.Debug|x86.Build.0 = Debug|x86
		{8258A725-A812-43CE-A548-53F40F6C4C2E}.Release|x86.ActiveCfg = Release|x86
		{8258A725-A812-43CE-A548-53F40F6C4C2E}.Release|x86.Build.0 = Release|x86
	EndGlobalSection
	GlobalSection(SolutionProperties) = preSolution
		HideSolutionNode = FALSE
	EndGlobalSection
EndGlobal
