
Microsoft Visual Studio Solution File, Format Version 11.00
# Visual Studio 2010
Project("{FAE04EC0-301F-11D3-BF4B-00C04F79EFBC}") = "Task01", "Task01\Task01.csproj", "{C12D6501-4E39-454D-9B51-B941A44DF450}"
EndProject
Project("{FAE04EC0-301F-11D3-BF4B-00C04F79EFBC}") = "Task02", "Task02\Task02.csproj", "{28479E17-B77F-48E9-8D06-BF54ED6AE48D}"
EndProject
Project("{FAE04EC0-301F-11D3-BF4B-00C04F79EFBC}") = "Task03", "Task03\Task03.csproj", "{F2AA254D-6FB7-4595-A8D1-2004947DF3C8}"
EndProject
Project("{FAE04EC0-301F-11D3-BF4B-00C04F79EFBC}") = "Task04", "Task04\Task04.csproj", "{14072B0A-1B82-40CF-B1F3-F44714E9BDFB}"
EndProject
Project("{FAE04EC0-301F-11D3-BF4B-00C04F79EFBC}") = "Task05", "Task05\Task05.csproj", "{63C6C39C-52E3-422A-AE66-55D7D2AD39C9}"
EndProject
Project("{FAE04EC0-301F-11D3-BF4B-00C04F79EFBC}") = "Task06", "Task06\Task06.csproj", "{8DA31446-73B3-4677-B5FA-1A598420938A}"
EndProject
Project("{FAE04EC0-301F-11D3-BF4B-00C04F79EFBC}") = "Task07", "Task07\Task07.csproj", "{120BE26D-2DB9-46D9-B369-A5A199984FFA}"
EndProject
Project("{FAE04EC0-301F-11D3-BF4B-00C04F79EFBC}") = "Task08", "Task08\Task08.csproj", "{CE07E729-5569-4704-8EFC-B06E36A0A570}"
EndProject
Project("{FAE04EC0-301F-11D3-BF4B-00C04F79EFBC}") = "Task09", "Task09\Task09.csproj", "{B081814E-2BD1-4273-98F2-38A48DC37B6C}"
EndProject
Project("{FAE04EC0-301F-11D3-BF4B-00C04F79EFBC}") = "Task10", "Task10\Task10.csproj", "{E7F9E2ED-1229-4A0C-916C-5BF45F3DAE61}"
EndProject
Project("{FAE04EC0-301F-11D3-BF4B-00C04F79EFBC}") = "Task11", "Task11\Task11.csproj", "{AA8076DD-2B56-4B34-A10A-0FD8D3E7290D}"
EndProject
Global
	GlobalSection(SolutionConfigurationPlatforms) = preSolution
		Debug|x86 = Debug|x86
		Release|x86 = Release|x86
	EndGlobalSection
	GlobalSection(ProjectConfigurationPlatforms) = postSolution
		{C12D6501-4E39-454D-9B51-B941A44DF450}.Debug|x86.ActiveCfg = Debug|x86
		{C12D6501-4E39-454D-9B51-B941A44DF450}.Debug|x86.Build.0 = Debug|x86
		{C12D6501-4E39-454D-9B51-B941A44DF450}.Release|x86.ActiveCfg = Release|x86
		{C12D6501-4E39-454D-9B51-B941A44DF450}.Release|x86.Build.0 = Release|x86
		{28479E17-B77F-48E9-8D06-BF54ED6AE48D}.Debug|x86.ActiveCfg = Debug|x86
		{28479E17-B77F-48E9-8D06-BF54ED6AE48D}.Debug|x86.Build.0 = Debug|x86
		{28479E17-B77F-48E9-8D06-BF54ED6AE48D}.Release|x86.ActiveCfg = Release|x86
		{28479E17-B77F-48E9-8D06-BF54ED6AE48D}.Release|x86.Build.0 = Release|x86
		{F2AA254D-6FB7-4595-A8D1-2004947DF3C8}.Debug|x86.ActiveCfg = Debug|x86
		{F2AA254D-6FB7-4595-A8D1-2004947DF3C8}.Debug|x86.Build.0 = Debug|x86
		{F2AA254D-6FB7-4595-A8D1-2004947DF3C8}.Release|x86.ActiveCfg = Release|x86
		{F2AA254D-6FB7-4595-A8D1-2004947DF3C8}.Release|x86.Build.0 = Release|x86
		{14072B0A-1B82-40CF-B1F3-F44714E9BDFB}.Debug|x86.ActiveCfg = Debug|x86
		{14072B0A-1B82-40CF-B1F3-F44714E9BDFB}.Debug|x86.Build.0 = Debug|x86
		{14072B0A-1B82-40CF-B1F3-F44714E9BDFB}.Release|x86.ActiveCfg = Release|x86
		{14072B0A-1B82-40CF-B1F3-F44714E9BDFB}.Release|x86.Build.0 = Release|x86
		{63C6C39C-52E3-422A-AE66-55D7D2AD39C9}.Debug|x86.ActiveCfg = Debug|x86
		{63C6C39C-52E3-422A-AE66-55D7D2AD39C9}.Debug|x86.Build.0 = Debug|x86
		{63C6C39C-52E3-422A-AE66-55D7D2AD39C9}.Release|x86.ActiveCfg = Release|x86
		{63C6C39C-52E3-422A-AE66-55D7D2AD39C9}.Release|x86.Build.0 = Release|x86
		{8DA31446-73B3-4677-B5FA-1A598420938A}.Debug|x86.ActiveCfg = Debug|x86
		{8DA31446-73B3-4677-B5FA-1A598420938A}.Debug|x86.Build.0 = Debug|x86
		{8DA31446-73B3-4677-B5FA-1A598420938A}.Release|x86.ActiveCfg = Release|x86
		{8DA31446-73B3-4677-B5FA-1A598420938A}.Release|x86.Build.0 = Release|x86
		{120BE26D-2DB9-46D9-B369-A5A199984FFA}.Debug|x86.ActiveCfg = Debug|x86
		{120BE26D-2DB9-46D9-B369-A5A199984FFA}.Debug|x86.Build.0 = Debug|x86
		{120BE26D-2DB9-46D9-B369-A5A199984FFA}.Release|x86.ActiveCfg = Release|x86
		{120BE26D-2DB9-46D9-B369-A5A199984FFA}.Release|x86.Build.0 = Release|x86
		{CE07E729-5569-4704-8EFC-B06E36A0A570}.Debug|x86.ActiveCfg = Debug|x86
		{CE07E729-5569-4704-8EFC-B06E36A0A570}.Debug|x86.Build.0 = Debug|x86
		{CE07E729-5569-4704-8EFC-B06E36A0A570}.Release|x86.ActiveCfg = Release|x86
		{CE07E729-5569-4704-8EFC-B06E36A0A570}.Release|x86.Build.0 = Release|x86
		{B081814E-2BD1-4273-98F2-38A48DC37B6C}.Debug|x86.ActiveCfg = Debug|x86
		{B081814E-2BD1-4273-98F2-38A48DC37B6C}.Debug|x86.Build.0 = Debug|x86
		{B081814E-2BD1-4273-98F2-38A48DC37B6C}.Release|x86.ActiveCfg = Release|x86
		{B081814E-2BD1-4273-98F2-38A48DC37B6C}.Release|x86.Build.0 = Release|x86
		{E7F9E2ED-1229-4A0C-916C-5BF45F3DAE61}.Debug|x86.ActiveCfg = Debug|x86
		{E7F9E2ED-1229-4A0C-916C-5BF45F3DAE61}.Debug|x86.Build.0 = Debug|x86
		{E7F9E2ED-1229-4A0C-916C-5BF45F3DAE61}.Release|x86.ActiveCfg = Release|x86
		{E7F9E2ED-1229-4A0C-916C-5BF45F3DAE61}.Release|x86.Build.0 = Release|x86
		{AA8076DD-2B56-4B34-A10A-0FD8D3E7290D}.Debug|x86.ActiveCfg = Debug|x86
		{AA8076DD-2B56-4B34-A10A-0FD8D3E7290D}.Debug|x86.Build.0 = Debug|x86
		{AA8076DD-2B56-4B34-A10A-0FD8D3E7290D}.Release|x86.ActiveCfg = Release|x86
		{AA8076DD-2B56-4B34-A10A-0FD8D3E7290D}.Release|x86.Build.0 = Release|x86
	EndGlobalSection
	GlobalSection(SolutionProperties) = preSolution
		HideSolutionNode = FALSE
	EndGlobalSection
EndGlobal
