
Microsoft Visual Studio Solution File, Format Version 11.00
# Visual Studio 2010
Project("{FAE04EC0-301F-11D3-BF4B-00C04F79EFBC}") = "4. Stack Example", "StackExample\4. Stack Example.csproj", "{7546E08D-A1B6-45FD-9BD1-E43740CC4B09}"
EndProject
Project("{FAE04EC0-301F-11D3-BF4B-00C04F79EFBC}") = "5. MatchingBrackets", "MatchingBrackets\5. MatchingBrackets.csproj", "{72C910A8-8462-46CB-AE10-28D4187BC2B5}"
EndProject
Project("{FAE04EC0-301F-11D3-BF4B-00C04F79EFBC}") = "6. Queue Example", "QueueExample\6. Queue Example.csproj", "{2596D293-8FF0-438E-B422-72EB2F80D65D}"
EndProject
Project("{FAE04EC0-301F-11D3-BF4B-00C04F79EFBC}") = "7. Sequence", "Sequence\7. Sequence.csproj", "{990BB13F-D009-485D-96F9-4F2F3AB41DB7}"
EndProject
Project("{FAE04EC0-301F-11D3-BF4B-00C04F79EFBC}") = "2. Primes In Interval", "PrimesInInterval\2. Primes In Interval.csproj", "{D91AB2E9-AC27-4223-B5E4-E51B15FD7059}"
EndProject
Project("{FAE04EC0-301F-11D3-BF4B-00C04F79EFBC}") = "3. Union and Intersection", "UnionAndIntersection\3. Union and Intersection.csproj", "{AB39D637-A024-4C72-8C8C-17837D2C1979}"
EndProject
Project("{FAE04EC0-301F-11D3-BF4B-00C04F79EFBC}") = "1. List - Simple Example", "List-Simple-Example\1. List - Simple Example.csproj", "{0A1794DE-E39B-4458-BC6B-61F883DC066E}"
EndProject
Global
	GlobalSection(SolutionConfigurationPlatforms) = preSolution
		Debug|Any CPU = Debug|Any CPU
		Release|Any CPU = Release|Any CPU
	EndGlobalSection
	GlobalSection(ProjectConfigurationPlatforms) = postSolution
		{7546E08D-A1B6-45FD-9BD1-E43740CC4B09}.Debug|Any CPU.ActiveCfg = Debug|Any CPU
		{7546E08D-A1B6-45FD-9BD1-E43740CC4B09}.Debug|Any CPU.Build.0 = Debug|Any CPU
		{7546E08D-A1B6-45FD-9BD1-E43740CC4B09}.Release|Any CPU.ActiveCfg = Release|Any CPU
		{7546E08D-A1B6-45FD-9BD1-E43740CC4B09}.Release|Any CPU.Build.0 = Release|Any CPU
		{72C910A8-8462-46CB-AE10-28D4187BC2B5}.Debug|Any CPU.ActiveCfg = Debug|Any CPU
		{72C910A8-8462-46CB-AE10-28D4187BC2B5}.Debug|Any CPU.Build.0 = Debug|Any CPU
		{72C910A8-8462-46CB-AE10-28D4187BC2B5}.Release|Any CPU.ActiveCfg = Release|Any CPU
		{72C910A8-8462-46CB-AE10-28D4187BC2B5}.Release|Any CPU.Build.0 = Release|Any CPU
		{2596D293-8FF0-438E-B422-72EB2F80D65D}.Debug|Any CPU.ActiveCfg = Debug|Any CPU
		{2596D293-8FF0-438E-B422-72EB2F80D65D}.Debug|Any CPU.Build.0 = Debug|Any CPU
		{2596D293-8FF0-438E-B422-72EB2F80D65D}.Release|Any CPU.ActiveCfg = Release|Any CPU
		{2596D293-8FF0-438E-B422-72EB2F80D65D}.Release|Any CPU.Build.0 = Release|Any CPU
		{990BB13F-D009-485D-96F9-4F2F3AB41DB7}.Debug|Any CPU.ActiveCfg = Debug|Any CPU
		{990BB13F-D009-485D-96F9-4F2F3AB41DB7}.Debug|Any CPU.Build.0 = Debug|Any CPU
		{990BB13F-D009-485D-96F9-4F2F3AB41DB7}.Release|Any CPU.ActiveCfg = Release|Any CPU
		{990BB13F-D009-485D-96F9-4F2F3AB41DB7}.Release|Any CPU.Build.0 = Release|Any CPU
		{D91AB2E9-AC27-4223-B5E4-E51B15FD7059}.Debug|Any CPU.ActiveCfg = Debug|Any CPU
		{D91AB2E9-AC27-4223-B5E4-E51B15FD7059}.Debug|Any CPU.Build.0 = Debug|Any CPU
		{D91AB2E9-AC27-4223-B5E4-E51B15FD7059}.Release|Any CPU.ActiveCfg = Release|Any CPU
		{D91AB2E9-AC27-4223-B5E4-E51B15FD7059}.Release|Any CPU.Build.0 = Release|Any CPU
		{AB39D637-A024-4C72-8C8C-17837D2C1979}.Debug|Any CPU.ActiveCfg = Debug|Any CPU
		{AB39D637-A024-4C72-8C8C-17837D2C1979}.Debug|Any CPU.Build.0 = Debug|Any CPU
		{AB39D637-A024-4C72-8C8C-17837D2C1979}.Release|Any CPU.ActiveCfg = Release|Any CPU
		{AB39D637-A024-4C72-8C8C-17837D2C1979}.Release|Any CPU.Build.0 = Release|Any CPU
		{0A1794DE-E39B-4458-BC6B-61F883DC066E}.Debug|Any CPU.ActiveCfg = Debug|Any CPU
		{0A1794DE-E39B-4458-BC6B-61F883DC066E}.Debug|Any CPU.Build.0 = Debug|Any CPU
		{0A1794DE-E39B-4458-BC6B-61F883DC066E}.Release|Any CPU.ActiveCfg = Release|Any CPU
		{0A1794DE-E39B-4458-BC6B-61F883DC066E}.Release|Any CPU.Build.0 = Release|Any CPU
	EndGlobalSection
	GlobalSection(SolutionProperties) = preSolution
		HideSolutionNode = FALSE
	EndGlobalSection
EndGlobal
